// !$*UTF8*$!
{
	archiveVersion = 1;
	classes = {
	};
	objectVersion = 55;
	objects = {

/* Begin PBXBuildFile section */
		B796639729531D7A0050BA58 /* Difigiano_AppApp.swift in Sources */ = {isa = PBXBuildFile; fileRef = B796639629531D7A0050BA58 /* Difigiano_AppApp.swift */; };
		B796639929531D7A0050BA58 /* LeaderBoardView.swift in Sources */ = {isa = PBXBuildFile; fileRef = B796639829531D7A0050BA58 /* LeaderBoardView.swift */; };
		B796639B29531D7C0050BA58 /* Assets.xcassets in Resources */ = {isa = PBXBuildFile; fileRef = B796639A29531D7C0050BA58 /* Assets.xcassets */; };
		B796639E29531D7C0050BA58 /* Preview Assets.xcassets in Resources */ = {isa = PBXBuildFile; fileRef = B796639D29531D7C0050BA58 /* Preview Assets.xcassets */; };
		B79663A829531D7C0050BA58 /* Difigiano_AppTests.swift in Sources */ = {isa = PBXBuildFile; fileRef = B79663A729531D7C0050BA58 /* Difigiano_AppTests.swift */; };
		B79663B229531D7C0050BA58 /* Difigiano_AppUITests.swift in Sources */ = {isa = PBXBuildFile; fileRef = B79663B129531D7C0050BA58 /* Difigiano_AppUITests.swift */; };
		B79663B429531D7C0050BA58 /* Difigiano_AppUITestsLaunchTests.swift in Sources */ = {isa = PBXBuildFile; fileRef = B79663B329531D7C0050BA58 /* Difigiano_AppUITestsLaunchTests.swift */; };
		B79663C129531E5D0050BA58 /* MapView.swift in Sources */ = {isa = PBXBuildFile; fileRef = B79663C029531E5D0050BA58 /* MapView.swift */; };
		B79663C5295320430050BA58 /* MainView.swift in Sources */ = {isa = PBXBuildFile; fileRef = B79663C4295320430050BA58 /* MainView.swift */; };
		B79663C7295321AD0050BA58 /* Model.swift in Sources */ = {isa = PBXBuildFile; fileRef = B79663C6295321AD0050BA58 /* Model.swift */; };
		B79663C9295325D90050BA58 /* ProfileView.swift in Sources */ = {isa = PBXBuildFile; fileRef = B79663C8295325D90050BA58 /* ProfileView.swift */; };
		B79663CB2953274F0050BA58 /* Contributor.swift in Sources */ = {isa = PBXBuildFile; fileRef = B79663CA2953274F0050BA58 /* Contributor.swift */; };
		B79663CD295328160050BA58 /* Post.swift in Sources */ = {isa = PBXBuildFile; fileRef = B79663CC295328160050BA58 /* Post.swift */; };
		B79663CF29532A810050BA58 /* Location.swift in Sources */ = {isa = PBXBuildFile; fileRef = B79663CE29532A810050BA58 /* Location.swift */; };
		B79B0F3C295333EB0076368C /* UnifrakturMaguntia.ttf in Resources */ = {isa = PBXBuildFile; fileRef = B79B0F3B2953339B0076368C /* UnifrakturMaguntia.ttf */; };
		B79B0F3D295333EB0076368C /* UnifrakturMaguntia.ttf in Resources */ = {isa = PBXBuildFile; fileRef = B79B0F3B2953339B0076368C /* UnifrakturMaguntia.ttf */; };
		B79B0F3E295333EE0076368C /* UnifrakturMaguntia.ttf in Resources */ = {isa = PBXBuildFile; fileRef = B79B0F3B2953339B0076368C /* UnifrakturMaguntia.ttf */; };
		B79B0F442953426C0076368C /* ShopView.swift in Sources */ = {isa = PBXBuildFile; fileRef = B79B0F432953426C0076368C /* ShopView.swift */; };
		B79B0F49295349360076368C /* FirebaseAnalyticsWithoutAdIdSupport in Frameworks */ = {isa = PBXBuildFile; productRef = B79B0F48295349360076368C /* FirebaseAnalyticsWithoutAdIdSupport */; };
		B79B0F4B295349360076368C /* FirebaseAuth in Frameworks */ = {isa = PBXBuildFile; productRef = B79B0F4A295349360076368C /* FirebaseAuth */; };
		B79B0F4D295349360076368C /* FirebaseStorage in Frameworks */ = {isa = PBXBuildFile; productRef = B79B0F4C295349360076368C /* FirebaseStorage */; };
		B7AACBFF2953545C0055C587 /* LoginView.swift in Sources */ = {isa = PBXBuildFile; fileRef = B7AACBFE2953545C0055C587 /* LoginView.swift */; };
		B7AACC02295355A10055C587 /* GoogleSignInSwift in Frameworks */ = {isa = PBXBuildFile; productRef = B7AACC01295355A10055C587 /* GoogleSignInSwift */; };
		B7AACC0629535BB00055C587 /* Authentication.swift in Sources */ = {isa = PBXBuildFile; fileRef = B7AACC0529535BB00055C587 /* Authentication.swift */; };
		B7AACC0929535CF80055C587 /* GoogleSignIn in Frameworks */ = {isa = PBXBuildFile; productRef = B7AACC0829535CF80055C587 /* GoogleSignIn */; };
		B7AACC0B29535CF80055C587 /* GoogleSignInSwift in Frameworks */ = {isa = PBXBuildFile; productRef = B7AACC0A29535CF80055C587 /* GoogleSignInSwift */; };
		B7AACC1029536DC10055C587 /* GoogleSignInButton.swift in Sources */ = {isa = PBXBuildFile; fileRef = B7AACC0F29536DC10055C587 /* GoogleSignInButton.swift */; };
		B7AACC1229536F6E0055C587 /* UploadView.swift in Sources */ = {isa = PBXBuildFile; fileRef = B7AACC1129536F6E0055C587 /* UploadView.swift */; };
		B7AACC15295370DC0055C587 /* DataStorage.swift in Sources */ = {isa = PBXBuildFile; fileRef = B7AACC14295370DC0055C587 /* DataStorage.swift */; };
		B7AACC17295377750055C587 /* ImagePicker.swift in Sources */ = {isa = PBXBuildFile; fileRef = B7AACC16295377750055C587 /* ImagePicker.swift */; };
		B7AACC1A29542DAB0055C587 /* FirebaseDatabase in Frameworks */ = {isa = PBXBuildFile; productRef = B7AACC1929542DAB0055C587 /* FirebaseDatabase */; };
		B7AACC1C2954382E0055C587 /* GoogleService-Info.plist in Resources */ = {isa = PBXBuildFile; fileRef = B7AACC1B2954382E0055C587 /* GoogleService-Info.plist */; };
/* End PBXBuildFile section */

/* Begin PBXContainerItemProxy section */
		B79663A429531D7C0050BA58 /* PBXContainerItemProxy */ = {
			isa = PBXContainerItemProxy;
			containerPortal = B796638B29531D7A0050BA58 /* Project object */;
			proxyType = 1;
			remoteGlobalIDString = B796639229531D7A0050BA58;
			remoteInfo = "Difigiano App";
		};
		B79663AE29531D7C0050BA58 /* PBXContainerItemProxy */ = {
			isa = PBXContainerItemProxy;
			containerPortal = B796638B29531D7A0050BA58 /* Project object */;
			proxyType = 1;
			remoteGlobalIDString = B796639229531D7A0050BA58;
			remoteInfo = "Difigiano App";
		};
/* End PBXContainerItemProxy section */

/* Begin PBXFileReference section */
		B796639329531D7A0050BA58 /* Difigiano App.app */ = {isa = PBXFileReference; explicitFileType = wrapper.application; includeInIndex = 0; path = "Difigiano App.app"; sourceTree = BUILT_PRODUCTS_DIR; };
		B796639629531D7A0050BA58 /* Difigiano_AppApp.swift */ = {isa = PBXFileReference; lastKnownFileType = sourcecode.swift; path = Difigiano_AppApp.swift; sourceTree = "<group>"; };
		B796639829531D7A0050BA58 /* LeaderBoardView.swift */ = {isa = PBXFileReference; lastKnownFileType = sourcecode.swift; path = LeaderBoardView.swift; sourceTree = "<group>"; };
		B796639A29531D7C0050BA58 /* Assets.xcassets */ = {isa = PBXFileReference; lastKnownFileType = folder.assetcatalog; path = Assets.xcassets; sourceTree = "<group>"; };
		B796639D29531D7C0050BA58 /* Preview Assets.xcassets */ = {isa = PBXFileReference; lastKnownFileType = folder.assetcatalog; path = "Preview Assets.xcassets"; sourceTree = "<group>"; };
		B79663A329531D7C0050BA58 /* Difigiano AppTests.xctest */ = {isa = PBXFileReference; explicitFileType = wrapper.cfbundle; includeInIndex = 0; path = "Difigiano AppTests.xctest"; sourceTree = BUILT_PRODUCTS_DIR; };
		B79663A729531D7C0050BA58 /* Difigiano_AppTests.swift */ = {isa = PBXFileReference; lastKnownFileType = sourcecode.swift; path = Difigiano_AppTests.swift; sourceTree = "<group>"; };
		B79663AD29531D7C0050BA58 /* Difigiano AppUITests.xctest */ = {isa = PBXFileReference; explicitFileType = wrapper.cfbundle; includeInIndex = 0; path = "Difigiano AppUITests.xctest"; sourceTree = BUILT_PRODUCTS_DIR; };
		B79663B129531D7C0050BA58 /* Difigiano_AppUITests.swift */ = {isa = PBXFileReference; lastKnownFileType = sourcecode.swift; path = Difigiano_AppUITests.swift; sourceTree = "<group>"; };
		B79663B329531D7C0050BA58 /* Difigiano_AppUITestsLaunchTests.swift */ = {isa = PBXFileReference; lastKnownFileType = sourcecode.swift; path = Difigiano_AppUITestsLaunchTests.swift; sourceTree = "<group>"; };
		B79663C029531E5D0050BA58 /* MapView.swift */ = {isa = PBXFileReference; lastKnownFileType = sourcecode.swift; path = MapView.swift; sourceTree = "<group>"; };
		B79663C4295320430050BA58 /* MainView.swift */ = {isa = PBXFileReference; lastKnownFileType = sourcecode.swift; path = MainView.swift; sourceTree = "<group>"; };
		B79663C6295321AD0050BA58 /* Model.swift */ = {isa = PBXFileReference; lastKnownFileType = sourcecode.swift; path = Model.swift; sourceTree = "<group>"; };
		B79663C8295325D90050BA58 /* ProfileView.swift */ = {isa = PBXFileReference; lastKnownFileType = sourcecode.swift; path = ProfileView.swift; sourceTree = "<group>"; };
		B79663CA2953274F0050BA58 /* Contributor.swift */ = {isa = PBXFileReference; lastKnownFileType = sourcecode.swift; path = Contributor.swift; sourceTree = "<group>"; };
		B79663CC295328160050BA58 /* Post.swift */ = {isa = PBXFileReference; lastKnownFileType = sourcecode.swift; path = Post.swift; sourceTree = "<group>"; };
		B79663CE29532A810050BA58 /* Location.swift */ = {isa = PBXFileReference; lastKnownFileType = sourcecode.swift; path = Location.swift; sourceTree = "<group>"; };
		B79B0F3B2953339B0076368C /* UnifrakturMaguntia.ttf */ = {isa = PBXFileReference; lastKnownFileType = file; path = UnifrakturMaguntia.ttf; sourceTree = "<group>"; };
		B79B0F402953352C0076368C /* Difigiano-App-Info.plist */ = {isa = PBXFileReference; lastKnownFileType = text.plist; path = "Difigiano-App-Info.plist"; sourceTree = SOURCE_ROOT; };
		B79B0F432953426C0076368C /* ShopView.swift */ = {isa = PBXFileReference; lastKnownFileType = sourcecode.swift; path = ShopView.swift; sourceTree = "<group>"; };
		B7AACBFE2953545C0055C587 /* LoginView.swift */ = {isa = PBXFileReference; lastKnownFileType = sourcecode.swift; path = LoginView.swift; sourceTree = "<group>"; };
		B7AACC0529535BB00055C587 /* Authentication.swift */ = {isa = PBXFileReference; lastKnownFileType = sourcecode.swift; path = Authentication.swift; sourceTree = "<group>"; };
		B7AACC0F29536DC10055C587 /* GoogleSignInButton.swift */ = {isa = PBXFileReference; lastKnownFileType = sourcecode.swift; path = GoogleSignInButton.swift; sourceTree = "<group>"; };
		B7AACC1129536F6E0055C587 /* UploadView.swift */ = {isa = PBXFileReference; lastKnownFileType = sourcecode.swift; path = UploadView.swift; sourceTree = "<group>"; };
		B7AACC14295370DC0055C587 /* DataStorage.swift */ = {isa = PBXFileReference; lastKnownFileType = sourcecode.swift; path = DataStorage.swift; sourceTree = "<group>"; };
		B7AACC16295377750055C587 /* ImagePicker.swift */ = {isa = PBXFileReference; lastKnownFileType = sourcecode.swift; path = ImagePicker.swift; sourceTree = "<group>"; };
		B7AACC1B2954382E0055C587 /* GoogleService-Info.plist */ = {isa = PBXFileReference; fileEncoding = 4; lastKnownFileType = text.plist.xml; path = "GoogleService-Info.plist"; sourceTree = "<group>"; };
/* End PBXFileReference section */

/* Begin PBXFrameworksBuildPhase section */
		B796639029531D7A0050BA58 /* Frameworks */ = {
			isa = PBXFrameworksBuildPhase;
			buildActionMask = 2147483647;
			files = (
				B7AACC0929535CF80055C587 /* GoogleSignIn in Frameworks */,
				B79B0F49295349360076368C /* FirebaseAnalyticsWithoutAdIdSupport in Frameworks */,
				B79B0F4B295349360076368C /* FirebaseAuth in Frameworks */,
				B7AACC0B29535CF80055C587 /* GoogleSignInSwift in Frameworks */,
				B79B0F4D295349360076368C /* FirebaseStorage in Frameworks */,
				B7AACC1A29542DAB0055C587 /* FirebaseDatabase in Frameworks */,
				B7AACC02295355A10055C587 /* GoogleSignInSwift in Frameworks */,
			);
			runOnlyForDeploymentPostprocessing = 0;
		};
		B79663A029531D7C0050BA58 /* Frameworks */ = {
			isa = PBXFrameworksBuildPhase;
			buildActionMask = 2147483647;
			files = (
			);
			runOnlyForDeploymentPostprocessing = 0;
		};
		B79663AA29531D7C0050BA58 /* Frameworks */ = {
			isa = PBXFrameworksBuildPhase;
			buildActionMask = 2147483647;
			files = (
			);
			runOnlyForDeploymentPostprocessing = 0;
		};
/* End PBXFrameworksBuildPhase section */

/* Begin PBXGroup section */
		B796638A29531D7A0050BA58 = {
			isa = PBXGroup;
			children = (
				B796639529531D7A0050BA58 /* Difigiano App */,
				B79663A629531D7C0050BA58 /* Difigiano AppTests */,
				B79663B029531D7C0050BA58 /* Difigiano AppUITests */,
				B796639429531D7A0050BA58 /* Products */,
			);
			sourceTree = "<group>";
		};
		B796639429531D7A0050BA58 /* Products */ = {
			isa = PBXGroup;
			children = (
				B796639329531D7A0050BA58 /* Difigiano App.app */,
				B79663A329531D7C0050BA58 /* Difigiano AppTests.xctest */,
				B79663AD29531D7C0050BA58 /* Difigiano AppUITests.xctest */,
			);
			name = Products;
			sourceTree = "<group>";
		};
		B796639529531D7A0050BA58 /* Difigiano App */ = {
			isa = PBXGroup;
			children = (
				B79B0F402953352C0076368C /* Difigiano-App-Info.plist */,
				B7AACC1B2954382E0055C587 /* GoogleService-Info.plist */,
				B796639629531D7A0050BA58 /* Difigiano_AppApp.swift */,
				B79B0F42295342310076368C /* Views */,
				B7AACC0E29536DA90055C587 /* HelperViews */,
				B79B0F41295342230076368C /* Models */,
				B7AACC13295370B20055C587 /* Helpers */,
				B79B0F3B2953339B0076368C /* UnifrakturMaguntia.ttf */,
				B796639A29531D7C0050BA58 /* Assets.xcassets */,
				B796639C29531D7C0050BA58 /* Preview Content */,
			);
			path = "Difigiano App";
			sourceTree = "<group>";
		};
		B796639C29531D7C0050BA58 /* Preview Content */ = {
			isa = PBXGroup;
			children = (
				B796639D29531D7C0050BA58 /* Preview Assets.xcassets */,
			);
			path = "Preview Content";
			sourceTree = "<group>";
		};
		B79663A629531D7C0050BA58 /* Difigiano AppTests */ = {
			isa = PBXGroup;
			children = (
				B79663A729531D7C0050BA58 /* Difigiano_AppTests.swift */,
			);
			path = "Difigiano AppTests";
			sourceTree = "<group>";
		};
		B79663B029531D7C0050BA58 /* Difigiano AppUITests */ = {
			isa = PBXGroup;
			children = (
				B79663B129531D7C0050BA58 /* Difigiano_AppUITests.swift */,
				B79663B329531D7C0050BA58 /* Difigiano_AppUITestsLaunchTests.swift */,
			);
			path = "Difigiano AppUITests";
			sourceTree = "<group>";
		};
		B79B0F41295342230076368C /* Models */ = {
			isa = PBXGroup;
			children = (
				B79663C6295321AD0050BA58 /* Model.swift */,
				B79663CA2953274F0050BA58 /* Contributor.swift */,
				B79663CC295328160050BA58 /* Post.swift */,
				B79663CE29532A810050BA58 /* Location.swift */,
			);
			path = Models;
			sourceTree = "<group>";
		};
		B79B0F42295342310076368C /* Views */ = {
			isa = PBXGroup;
			children = (
				B79663C4295320430050BA58 /* MainView.swift */,
				B796639829531D7A0050BA58 /* LeaderBoardView.swift */,
				B79663C029531E5D0050BA58 /* MapView.swift */,
				B79663C8295325D90050BA58 /* ProfileView.swift */,
				B7AACC1129536F6E0055C587 /* UploadView.swift */,
				B79B0F432953426C0076368C /* ShopView.swift */,
				B7AACBFE2953545C0055C587 /* LoginView.swift */,
			);
			path = Views;
			sourceTree = "<group>";
		};
		B7AACC0E29536DA90055C587 /* HelperViews */ = {
			isa = PBXGroup;
			children = (
				B7AACC0F29536DC10055C587 /* GoogleSignInButton.swift */,
				B7AACC16295377750055C587 /* ImagePicker.swift */,
			);
			path = HelperViews;
			sourceTree = "<group>";
		};
		B7AACC13295370B20055C587 /* Helpers */ = {
			isa = PBXGroup;
			children = (
				B7AACC0529535BB00055C587 /* Authentication.swift */,
				B7AACC14295370DC0055C587 /* DataStorage.swift */,
			);
			path = Helpers;
			sourceTree = "<group>";
		};
/* End PBXGroup section */

/* Begin PBXNativeTarget section */
		B796639229531D7A0050BA58 /* Difigiano App */ = {
			isa = PBXNativeTarget;
			buildConfigurationList = B79663B729531D7C0050BA58 /* Build configuration list for PBXNativeTarget "Difigiano App" */;
			buildPhases = (
				B796638F29531D7A0050BA58 /* Sources */,
				B796639029531D7A0050BA58 /* Frameworks */,
				B796639129531D7A0050BA58 /* Resources */,
			);
			buildRules = (
			);
			dependencies = (
			);
			name = "Difigiano App";
			packageProductDependencies = (
				B79B0F48295349360076368C /* FirebaseAnalyticsWithoutAdIdSupport */,
				B79B0F4A295349360076368C /* FirebaseAuth */,
				B79B0F4C295349360076368C /* FirebaseStorage */,
				B7AACC01295355A10055C587 /* GoogleSignInSwift */,
				B7AACC0829535CF80055C587 /* GoogleSignIn */,
				B7AACC0A29535CF80055C587 /* GoogleSignInSwift */,
				B7AACC1929542DAB0055C587 /* FirebaseDatabase */,
			);
			productName = "Difigiano App";
			productReference = B796639329531D7A0050BA58 /* Difigiano App.app */;
			productType = "com.apple.product-type.application";
		};
		B79663A229531D7C0050BA58 /* Difigiano AppTests */ = {
			isa = PBXNativeTarget;
			buildConfigurationList = B79663BA29531D7C0050BA58 /* Build configuration list for PBXNativeTarget "Difigiano AppTests" */;
			buildPhases = (
				B796639F29531D7C0050BA58 /* Sources */,
				B79663A029531D7C0050BA58 /* Frameworks */,
				B79663A129531D7C0050BA58 /* Resources */,
			);
			buildRules = (
			);
			dependencies = (
				B79663A529531D7C0050BA58 /* PBXTargetDependency */,
			);
			name = "Difigiano AppTests";
			productName = "Difigiano AppTests";
			productReference = B79663A329531D7C0050BA58 /* Difigiano AppTests.xctest */;
			productType = "com.apple.product-type.bundle.unit-test";
		};
		B79663AC29531D7C0050BA58 /* Difigiano AppUITests */ = {
			isa = PBXNativeTarget;
			buildConfigurationList = B79663BD29531D7C0050BA58 /* Build configuration list for PBXNativeTarget "Difigiano AppUITests" */;
			buildPhases = (
				B79663A929531D7C0050BA58 /* Sources */,
				B79663AA29531D7C0050BA58 /* Frameworks */,
				B79663AB29531D7C0050BA58 /* Resources */,
			);
			buildRules = (
			);
			dependencies = (
				B79663AF29531D7C0050BA58 /* PBXTargetDependency */,
			);
			name = "Difigiano AppUITests";
			productName = "Difigiano AppUITests";
			productReference = B79663AD29531D7C0050BA58 /* Difigiano AppUITests.xctest */;
			productType = "com.apple.product-type.bundle.ui-testing";
		};
/* End PBXNativeTarget section */

/* Begin PBXProject section */
		B796638B29531D7A0050BA58 /* Project object */ = {
			isa = PBXProject;
			attributes = {
				BuildIndependentTargetsInParallel = 1;
				LastSwiftUpdateCheck = 1330;
				LastUpgradeCheck = 1330;
				TargetAttributes = {
					B796639229531D7A0050BA58 = {
						CreatedOnToolsVersion = 13.3.1;
					};
					B79663A229531D7C0050BA58 = {
						CreatedOnToolsVersion = 13.3.1;
						TestTargetID = B796639229531D7A0050BA58;
					};
					B79663AC29531D7C0050BA58 = {
						CreatedOnToolsVersion = 13.3.1;
						TestTargetID = B796639229531D7A0050BA58;
					};
				};
			};
			buildConfigurationList = B796638E29531D7A0050BA58 /* Build configuration list for PBXProject "Difigiano App" */;
			compatibilityVersion = "Xcode 13.0";
			developmentRegion = en;
			hasScannedForEncodings = 0;
			knownRegions = (
				en,
				Base,
			);
			mainGroup = B796638A29531D7A0050BA58;
			packageReferences = (
				B79B0F47295349360076368C /* XCRemoteSwiftPackageReference "firebase-ios-sdk" */,
				B7AACC00295355A10055C587 /* XCRemoteSwiftPackageReference "GoogleSignIn-iOS" */,
				B7AACC0729535CF80055C587 /* XCRemoteSwiftPackageReference "GoogleSignIn-iOS" */,
				B7AACC1829542DAB0055C587 /* XCRemoteSwiftPackageReference "firebase-ios-sdk" */,
			);
			productRefGroup = B796639429531D7A0050BA58 /* Products */;
			projectDirPath = "";
			projectRoot = "";
			targets = (
				B796639229531D7A0050BA58 /* Difigiano App */,
				B79663A229531D7C0050BA58 /* Difigiano AppTests */,
				B79663AC29531D7C0050BA58 /* Difigiano AppUITests */,
			);
		};
/* End PBXProject section */

/* Begin PBXResourcesBuildPhase section */
		B796639129531D7A0050BA58 /* Resources */ = {
			isa = PBXResourcesBuildPhase;
			buildActionMask = 2147483647;
			files = (
				B796639E29531D7C0050BA58 /* Preview Assets.xcassets in Resources */,
				B7AACC1C2954382E0055C587 /* GoogleService-Info.plist in Resources */,
				B79B0F3C295333EB0076368C /* UnifrakturMaguntia.ttf in Resources */,
				B796639B29531D7C0050BA58 /* Assets.xcassets in Resources */,
			);
			runOnlyForDeploymentPostprocessing = 0;
		};
		B79663A129531D7C0050BA58 /* Resources */ = {
			isa = PBXResourcesBuildPhase;
			buildActionMask = 2147483647;
			files = (
				B79B0F3D295333EB0076368C /* UnifrakturMaguntia.ttf in Resources */,
			);
			runOnlyForDeploymentPostprocessing = 0;
		};
		B79663AB29531D7C0050BA58 /* Resources */ = {
			isa = PBXResourcesBuildPhase;
			buildActionMask = 2147483647;
			files = (
				B79B0F3E295333EE0076368C /* UnifrakturMaguntia.ttf in Resources */,
			);
			runOnlyForDeploymentPostprocessing = 0;
		};
/* End PBXResourcesBuildPhase section */

/* Begin PBXSourcesBuildPhase section */
		B796638F29531D7A0050BA58 /* Sources */ = {
			isa = PBXSourcesBuildPhase;
			buildActionMask = 2147483647;
			files = (
				B7AACC0629535BB00055C587 /* Authentication.swift in Sources */,
				B7AACC1229536F6E0055C587 /* UploadView.swift in Sources */,
				B79663C129531E5D0050BA58 /* MapView.swift in Sources */,
				B79663C5295320430050BA58 /* MainView.swift in Sources */,
				B79663C9295325D90050BA58 /* ProfileView.swift in Sources */,
				B79B0F442953426C0076368C /* ShopView.swift in Sources */,
				B79663CD295328160050BA58 /* Post.swift in Sources */,
				B7AACC15295370DC0055C587 /* DataStorage.swift in Sources */,
				B79663CF29532A810050BA58 /* Location.swift in Sources */,
				B796639929531D7A0050BA58 /* LeaderBoardView.swift in Sources */,
				B79663C7295321AD0050BA58 /* Model.swift in Sources */,
				B7AACBFF2953545C0055C587 /* LoginView.swift in Sources */,
				B7AACC1029536DC10055C587 /* GoogleSignInButton.swift in Sources */,
				B7AACC17295377750055C587 /* ImagePicker.swift in Sources */,
				B796639729531D7A0050BA58 /* Difigiano_AppApp.swift in Sources */,
				B79663CB2953274F0050BA58 /* Contributor.swift in Sources */,
			);
			runOnlyForDeploymentPostprocessing = 0;
		};
		B796639F29531D7C0050BA58 /* Sources */ = {
			isa = PBXSourcesBuildPhase;
			buildActionMask = 2147483647;
			files = (
				B79663A829531D7C0050BA58 /* Difigiano_AppTests.swift in Sources */,
			);
			runOnlyForDeploymentPostprocessing = 0;
		};
		B79663A929531D7C0050BA58 /* Sources */ = {
			isa = PBXSourcesBuildPhase;
			buildActionMask = 2147483647;
			files = (
				B79663B229531D7C0050BA58 /* Difigiano_AppUITests.swift in Sources */,
				B79663B429531D7C0050BA58 /* Difigiano_AppUITestsLaunchTests.swift in Sources */,
			);
			runOnlyForDeploymentPostprocessing = 0;
		};
/* End PBXSourcesBuildPhase section */

/* Begin PBXTargetDependency section */
		B79663A529531D7C0050BA58 /* PBXTargetDependency */ = {
			isa = PBXTargetDependency;
			target = B796639229531D7A0050BA58 /* Difigiano App */;
			targetProxy = B79663A429531D7C0050BA58 /* PBXContainerItemProxy */;
		};
		B79663AF29531D7C0050BA58 /* PBXTargetDependency */ = {
			isa = PBXTargetDependency;
			target = B796639229531D7A0050BA58 /* Difigiano App */;
			targetProxy = B79663AE29531D7C0050BA58 /* PBXContainerItemProxy */;
		};
/* End PBXTargetDependency section */

/* Begin XCBuildConfiguration section */
		B79663B529531D7C0050BA58 /* Debug */ = {
			isa = XCBuildConfiguration;
			buildSettings = {
				ALWAYS_SEARCH_USER_PATHS = NO;
				CLANG_ANALYZER_NONNULL = YES;
				CLANG_ANALYZER_NUMBER_OBJECT_CONVERSION = YES_AGGRESSIVE;
				CLANG_CXX_LANGUAGE_STANDARD = "gnu++17";
				CLANG_ENABLE_MODULES = YES;
				CLANG_ENABLE_OBJC_ARC = YES;
				CLANG_ENABLE_OBJC_WEAK = YES;
				CLANG_WARN_BLOCK_CAPTURE_AUTORELEASING = YES;
				CLANG_WARN_BOOL_CONVERSION = YES;
				CLANG_WARN_COMMA = YES;
				CLANG_WARN_CONSTANT_CONVERSION = YES;
				CLANG_WARN_DEPRECATED_OBJC_IMPLEMENTATIONS = YES;
				CLANG_WARN_DIRECT_OBJC_ISA_USAGE = YES_ERROR;
				CLANG_WARN_DOCUMENTATION_COMMENTS = YES;
				CLANG_WARN_EMPTY_BODY = YES;
				CLANG_WARN_ENUM_CONVERSION = YES;
				CLANG_WARN_INFINITE_RECURSION = YES;
				CLANG_WARN_INT_CONVERSION = YES;
				CLANG_WARN_NON_LITERAL_NULL_CONVERSION = YES;
				CLANG_WARN_OBJC_IMPLICIT_RETAIN_SELF = YES;
				CLANG_WARN_OBJC_LITERAL_CONVERSION = YES;
				CLANG_WARN_OBJC_ROOT_CLASS = YES_ERROR;
				CLANG_WARN_QUOTED_INCLUDE_IN_FRAMEWORK_HEADER = YES;
				CLANG_WARN_RANGE_LOOP_ANALYSIS = YES;
				CLANG_WARN_STRICT_PROTOTYPES = YES;
				CLANG_WARN_SUSPICIOUS_MOVE = YES;
				CLANG_WARN_UNGUARDED_AVAILABILITY = YES_AGGRESSIVE;
				CLANG_WARN_UNREACHABLE_CODE = YES;
				CLANG_WARN__DUPLICATE_METHOD_MATCH = YES;
				COPY_PHASE_STRIP = NO;
				DEBUG_INFORMATION_FORMAT = dwarf;
				ENABLE_STRICT_OBJC_MSGSEND = YES;
				ENABLE_TESTABILITY = YES;
				GCC_C_LANGUAGE_STANDARD = gnu11;
				GCC_DYNAMIC_NO_PIC = NO;
				GCC_NO_COMMON_BLOCKS = YES;
				GCC_OPTIMIZATION_LEVEL = 0;
				GCC_PREPROCESSOR_DEFINITIONS = (
					"DEBUG=1",
					"$(inherited)",
				);
				GCC_WARN_64_TO_32_BIT_CONVERSION = YES;
				GCC_WARN_ABOUT_RETURN_TYPE = YES_ERROR;
				GCC_WARN_UNDECLARED_SELECTOR = YES;
				GCC_WARN_UNINITIALIZED_AUTOS = YES_AGGRESSIVE;
				GCC_WARN_UNUSED_FUNCTION = YES;
				GCC_WARN_UNUSED_VARIABLE = YES;
				IPHONEOS_DEPLOYMENT_TARGET = 15.4;
				MTL_ENABLE_DEBUG_INFO = INCLUDE_SOURCE;
				MTL_FAST_MATH = YES;
				ONLY_ACTIVE_ARCH = YES;
				SDKROOT = iphoneos;
				SWIFT_ACTIVE_COMPILATION_CONDITIONS = DEBUG;
				SWIFT_OPTIMIZATION_LEVEL = "-Onone";
			};
			name = Debug;
		};
		B79663B629531D7C0050BA58 /* Release */ = {
			isa = XCBuildConfiguration;
			buildSettings = {
				ALWAYS_SEARCH_USER_PATHS = NO;
				CLANG_ANALYZER_NONNULL = YES;
				CLANG_ANALYZER_NUMBER_OBJECT_CONVERSION = YES_AGGRESSIVE;
				CLANG_CXX_LANGUAGE_STANDARD = "gnu++17";
				CLANG_ENABLE_MODULES = YES;
				CLANG_ENABLE_OBJC_ARC = YES;
				CLANG_ENABLE_OBJC_WEAK = YES;
				CLANG_WARN_BLOCK_CAPTURE_AUTORELEASING = YES;
				CLANG_WARN_BOOL_CONVERSION = YES;
				CLANG_WARN_COMMA = YES;
				CLANG_WARN_CONSTANT_CONVERSION = YES;
				CLANG_WARN_DEPRECATED_OBJC_IMPLEMENTATIONS = YES;
				CLANG_WARN_DIRECT_OBJC_ISA_USAGE = YES_ERROR;
				CLANG_WARN_DOCUMENTATION_COMMENTS = YES;
				CLANG_WARN_EMPTY_BODY = YES;
				CLANG_WARN_ENUM_CONVERSION = YES;
				CLANG_WARN_INFINITE_RECURSION = YES;
				CLANG_WARN_INT_CONVERSION = YES;
				CLANG_WARN_NON_LITERAL_NULL_CONVERSION = YES;
				CLANG_WARN_OBJC_IMPLICIT_RETAIN_SELF = YES;
				CLANG_WARN_OBJC_LITERAL_CONVERSION = YES;
				CLANG_WARN_OBJC_ROOT_CLASS = YES_ERROR;
				CLANG_WARN_QUOTED_INCLUDE_IN_FRAMEWORK_HEADER = YES;
				CLANG_WARN_RANGE_LOOP_ANALYSIS = YES;
				CLANG_WARN_STRICT_PROTOTYPES = YES;
				CLANG_WARN_SUSPICIOUS_MOVE = YES;
				CLANG_WARN_UNGUARDED_AVAILABILITY = YES_AGGRESSIVE;
				CLANG_WARN_UNREACHABLE_CODE = YES;
				CLANG_WARN__DUPLICATE_METHOD_MATCH = YES;
				COPY_PHASE_STRIP = NO;
				DEBUG_INFORMATION_FORMAT = "dwarf-with-dsym";
				ENABLE_NS_ASSERTIONS = NO;
				ENABLE_STRICT_OBJC_MSGSEND = YES;
				GCC_C_LANGUAGE_STANDARD = gnu11;
				GCC_NO_COMMON_BLOCKS = YES;
				GCC_WARN_64_TO_32_BIT_CONVERSION = YES;
				GCC_WARN_ABOUT_RETURN_TYPE = YES_ERROR;
				GCC_WARN_UNDECLARED_SELECTOR = YES;
				GCC_WARN_UNINITIALIZED_AUTOS = YES_AGGRESSIVE;
				GCC_WARN_UNUSED_FUNCTION = YES;
				GCC_WARN_UNUSED_VARIABLE = YES;
				IPHONEOS_DEPLOYMENT_TARGET = 15.4;
				MTL_ENABLE_DEBUG_INFO = NO;
				MTL_FAST_MATH = YES;
				SDKROOT = iphoneos;
				SWIFT_COMPILATION_MODE = wholemodule;
				SWIFT_OPTIMIZATION_LEVEL = "-O";
				VALIDATE_PRODUCT = YES;
			};
			name = Release;
		};
		B79663B829531D7C0050BA58 /* Debug */ = {
			isa = XCBuildConfiguration;
			buildSettings = {
				ASSETCATALOG_COMPILER_APPICON_NAME = AppIcon;
				ASSETCATALOG_COMPILER_GLOBAL_ACCENT_COLOR_NAME = AccentColor;
				CODE_SIGN_STYLE = Automatic;
				CURRENT_PROJECT_VERSION = 1;
				DEVELOPMENT_ASSET_PATHS = "\"Difigiano App/Preview Content\"";
				DEVELOPMENT_TEAM = ZPY4BSSXTW;
				ENABLE_PREVIEWS = YES;
				GENERATE_INFOPLIST_FILE = YES;
				INFOPLIST_FILE = "Difigiano-App-Info.plist";
				INFOPLIST_KEY_CFBundleDisplayName = Difigiano;
				INFOPLIST_KEY_UIApplicationSceneManifest_Generation = YES;
				INFOPLIST_KEY_UIApplicationSupportsIndirectInputEvents = YES;
				INFOPLIST_KEY_UILaunchScreen_Generation = YES;
				INFOPLIST_KEY_UISupportedInterfaceOrientations_iPad = "UIInterfaceOrientationPortrait UIInterfaceOrientationPortraitUpsideDown UIInterfaceOrientationLandscapeLeft UIInterfaceOrientationLandscapeRight";
				INFOPLIST_KEY_UISupportedInterfaceOrientations_iPhone = "UIInterfaceOrientationPortrait UIInterfaceOrientationLandscapeLeft UIInterfaceOrientationLandscapeRight";
				LD_RUNPATH_SEARCH_PATHS = (
					"$(inherited)",
					"@executable_path/Frameworks",
				);
				MARKETING_VERSION = 1.0;
				PRODUCT_BUNDLE_IDENTIFIER = com.benedict.Difigiano;
				PRODUCT_NAME = "$(TARGET_NAME)";
				SWIFT_EMIT_LOC_STRINGS = YES;
				SWIFT_VERSION = 5.0;
				TARGETED_DEVICE_FAMILY = "1,2";
			};
			name = Debug;
		};
		B79663B929531D7C0050BA58 /* Release */ = {
			isa = XCBuildConfiguration;
			buildSettings = {
				ASSETCATALOG_COMPILER_APPICON_NAME = AppIcon;
				ASSETCATALOG_COMPILER_GLOBAL_ACCENT_COLOR_NAME = AccentColor;
				CODE_SIGN_STYLE = Automatic;
				CURRENT_PROJECT_VERSION = 1;
				DEVELOPMENT_ASSET_PATHS = "\"Difigiano App/Preview Content\"";
				DEVELOPMENT_TEAM = ZPY4BSSXTW;
				ENABLE_PREVIEWS = YES;
				GENERATE_INFOPLIST_FILE = YES;
				INFOPLIST_FILE = "Difigiano-App-Info.plist";
				INFOPLIST_KEY_CFBundleDisplayName = Difigiano;
				INFOPLIST_KEY_UIApplicationSceneManifest_Generation = YES;
				INFOPLIST_KEY_UIApplicationSupportsIndirectInputEvents = YES;
				INFOPLIST_KEY_UILaunchScreen_Generation = YES;
				INFOPLIST_KEY_UISupportedInterfaceOrientations_iPad = "UIInterfaceOrientationPortrait UIInterfaceOrientationPortraitUpsideDown UIInterfaceOrientationLandscapeLeft UIInterfaceOrientationLandscapeRight";
				INFOPLIST_KEY_UISupportedInterfaceOrientations_iPhone = "UIInterfaceOrientationPortrait UIInterfaceOrientationLandscapeLeft UIInterfaceOrientationLandscapeRight";
				LD_RUNPATH_SEARCH_PATHS = (
					"$(inherited)",
					"@executable_path/Frameworks",
				);
				MARKETING_VERSION = 1.0;
				PRODUCT_BUNDLE_IDENTIFIER = com.benedict.Difigiano;
				PRODUCT_NAME = "$(TARGET_NAME)";
				SWIFT_EMIT_LOC_STRINGS = YES;
				SWIFT_VERSION = 5.0;
				TARGETED_DEVICE_FAMILY = "1,2";
			};
			name = Release;
		};
		B79663BB29531D7C0050BA58 /* Debug */ = {
			isa = XCBuildConfiguration;
			buildSettings = {
				ALWAYS_EMBED_SWIFT_STANDARD_LIBRARIES = YES;
				BUNDLE_LOADER = "$(TEST_HOST)";
				CODE_SIGN_STYLE = Automatic;
				CURRENT_PROJECT_VERSION = 1;
				DEVELOPMENT_TEAM = ZPY4BSSXTW;
				GENERATE_INFOPLIST_FILE = YES;
				IPHONEOS_DEPLOYMENT_TARGET = 15.4;
				MARKETING_VERSION = 1.0;
				PRODUCT_BUNDLE_IDENTIFIER = "com.benedict.Difigiano-AppTests";
				PRODUCT_NAME = "$(TARGET_NAME)";
				SWIFT_EMIT_LOC_STRINGS = NO;
				SWIFT_VERSION = 5.0;
				TARGETED_DEVICE_FAMILY = "1,2";
				TEST_HOST = "$(BUILT_PRODUCTS_DIR)/Difigiano App.app/Difigiano App";
			};
			name = Debug;
		};
		B79663BC29531D7C0050BA58 /* Release */ = {
			isa = XCBuildConfiguration;
			buildSettings = {
				ALWAYS_EMBED_SWIFT_STANDARD_LIBRARIES = YES;
				BUNDLE_LOADER = "$(TEST_HOST)";
				CODE_SIGN_STYLE = Automatic;
				CURRENT_PROJECT_VERSION = 1;
				DEVELOPMENT_TEAM = ZPY4BSSXTW;
				GENERATE_INFOPLIST_FILE = YES;
				IPHONEOS_DEPLOYMENT_TARGET = 15.4;
				MARKETING_VERSION = 1.0;
				PRODUCT_BUNDLE_IDENTIFIER = "com.benedict.Difigiano-AppTests";
				PRODUCT_NAME = "$(TARGET_NAME)";
				SWIFT_EMIT_LOC_STRINGS = NO;
				SWIFT_VERSION = 5.0;
				TARGETED_DEVICE_FAMILY = "1,2";
				TEST_HOST = "$(BUILT_PRODUCTS_DIR)/Difigiano App.app/Difigiano App";
			};
			name = Release;
		};
		B79663BE29531D7C0050BA58 /* Debug */ = {
			isa = XCBuildConfiguration;
			buildSettings = {
				ALWAYS_EMBED_SWIFT_STANDARD_LIBRARIES = YES;
				CODE_SIGN_STYLE = Automatic;
				CURRENT_PROJECT_VERSION = 1;
				DEVELOPMENT_TEAM = ZPY4BSSXTW;
				GENERATE_INFOPLIST_FILE = YES;
				MARKETING_VERSION = 1.0;
				PRODUCT_BUNDLE_IDENTIFIER = "com.benedict.Difigiano-AppUITests";
				PRODUCT_NAME = "$(TARGET_NAME)";
				SWIFT_EMIT_LOC_STRINGS = NO;
				SWIFT_VERSION = 5.0;
				TARGETED_DEVICE_FAMILY = "1,2";
				TEST_TARGET_NAME = "Difigiano App";
			};
			name = Debug;
		};
		B79663BF29531D7C0050BA58 /* Release */ = {
			isa = XCBuildConfiguration;
			buildSettings = {
				ALWAYS_EMBED_SWIFT_STANDARD_LIBRARIES = YES;
				CODE_SIGN_STYLE = Automatic;
				CURRENT_PROJECT_VERSION = 1;
				DEVELOPMENT_TEAM = ZPY4BSSXTW;
				GENERATE_INFOPLIST_FILE = YES;
				MARKETING_VERSION = 1.0;
				PRODUCT_BUNDLE_IDENTIFIER = "com.benedict.Difigiano-AppUITests";
				PRODUCT_NAME = "$(TARGET_NAME)";
				SWIFT_EMIT_LOC_STRINGS = NO;
				SWIFT_VERSION = 5.0;
				TARGETED_DEVICE_FAMILY = "1,2";
				TEST_TARGET_NAME = "Difigiano App";
			};
			name = Release;
		};
/* End XCBuildConfiguration section */

/* Begin XCConfigurationList section */
		B796638E29531D7A0050BA58 /* Build configuration list for PBXProject "Difigiano App" */ = {
			isa = XCConfigurationList;
			buildConfigurations = (
				B79663B529531D7C0050BA58 /* Debug */,
				B79663B629531D7C0050BA58 /* Release */,
			);
			defaultConfigurationIsVisible = 0;
			defaultConfigurationName = Release;
		};
		B79663B729531D7C0050BA58 /* Build configuration list for PBXNativeTarget "Difigiano App" */ = {
			isa = XCConfigurationList;
			buildConfigurations = (
				B79663B829531D7C0050BA58 /* Debug */,
				B79663B929531D7C0050BA58 /* Release */,
			);
			defaultConfigurationIsVisible = 0;
			defaultConfigurationName = Release;
		};
		B79663BA29531D7C0050BA58 /* Build configuration list for PBXNativeTarget "Difigiano AppTests" */ = {
			isa = XCConfigurationList;
			buildConfigurations = (
				B79663BB29531D7C0050BA58 /* Debug */,
				B79663BC29531D7C0050BA58 /* Release */,
			);
			defaultConfigurationIsVisible = 0;
			defaultConfigurationName = Release;
		};
		B79663BD29531D7C0050BA58 /* Build configuration list for PBXNativeTarget "Difigiano AppUITests" */ = {
			isa = XCConfigurationList;
			buildConfigurations = (
				B79663BE29531D7C0050BA58 /* Debug */,
				B79663BF29531D7C0050BA58 /* Release */,
			);
			defaultConfigurationIsVisible = 0;
			defaultConfigurationName = Release;
		};
/* End XCConfigurationList section */

/* Begin XCRemoteSwiftPackageReference section */
		B79B0F47295349360076368C /* XCRemoteSwiftPackageReference "firebase-ios-sdk" */ = {
			isa = XCRemoteSwiftPackageReference;
			repositoryURL = "https://github.com/firebase/firebase-ios-sdk";
			requirement = {
				kind = upToNextMajorVersion;
				minimumVersion = 9.0.0;
			};
		};
		B7AACC00295355A10055C587 /* XCRemoteSwiftPackageReference "GoogleSignIn-iOS" */ = {
			isa = XCRemoteSwiftPackageReference;
			repositoryURL = "https://github.com/google/GoogleSignIn-iOS";
			requirement = {
				branch = main;
				kind = branch;
			};
		};
		B7AACC0729535CF80055C587 /* XCRemoteSwiftPackageReference "GoogleSignIn-iOS" */ = {
			isa = XCRemoteSwiftPackageReference;
			repositoryURL = "https://github.com/google/GoogleSignIn-iOS";
			requirement = {
				branch = main;
				kind = branch;
			};
		};
		B7AACC1829542DAB0055C587 /* XCRemoteSwiftPackageReference "firebase-ios-sdk" */ = {
			isa = XCRemoteSwiftPackageReference;
			repositoryURL = "https://github.com/firebase/firebase-ios-sdk";
			requirement = {
				branch = master;
				kind = branch;
			};
		};
/* End XCRemoteSwiftPackageReference section */

/* Begin XCSwiftPackageProductDependency section */
		B79B0F48295349360076368C /* FirebaseAnalyticsWithoutAdIdSupport */ = {
			isa = XCSwiftPackageProductDependency;
			package = B79B0F47295349360076368C /* XCRemoteSwiftPackageReference "firebase-ios-sdk" */;
			productName = FirebaseAnalyticsWithoutAdIdSupport;
		};
		B79B0F4A295349360076368C /* FirebaseAuth */ = {
			isa = XCSwiftPackageProductDependency;
			package = B79B0F47295349360076368C /* XCRemoteSwiftPackageReference "firebase-ios-sdk" */;
			productName = FirebaseAuth;
		};
		B79B0F4C295349360076368C /* FirebaseStorage */ = {
			isa = XCSwiftPackageProductDependency;
			package = B79B0F47295349360076368C /* XCRemoteSwiftPackageReference "firebase-ios-sdk" */;
			productName = FirebaseStorage;
		};
		B7AACC01295355A10055C587 /* GoogleSignInSwift */ = {
			isa = XCSwiftPackageProductDependency;
			package = B7AACC00295355A10055C587 /* XCRemoteSwiftPackageReference "GoogleSignIn-iOS" */;
			productName = GoogleSignInSwift;
		};
		B7AACC0829535CF80055C587 /* GoogleSignIn */ = {
			isa = XCSwiftPackageProductDependency;
			package = B7AACC00295355A10055C587 /* XCRemoteSwiftPackageReference "GoogleSignIn-iOS" */;
			productName = GoogleSignIn;
		};
		B7AACC0A29535CF80055C587 /* GoogleSignInSwift */ = {
			isa = XCSwiftPackageProductDependency;
			package = B7AACC00295355A10055C587 /* XCRemoteSwiftPackageReference "GoogleSignIn-iOS" */;
			productName = GoogleSignInSwift;
		};
		B7AACC1929542DAB0055C587 /* FirebaseDatabase */ = {
			isa = XCSwiftPackageProductDependency;
			package = B7AACC1829542DAB0055C587 /* XCRemoteSwiftPackageReference "firebase-ios-sdk" */;
			productName = FirebaseDatabase;
		};
/* End XCSwiftPackageProductDependency section */
	};
	rootObject = B796638B29531D7A0050BA58 /* Project object */;
}
