// !$*UTF8*$!
{
	archiveVersion = 1;
	classes = {
	};
	objectVersion = 55;
	objects = {

/* Begin PBXBuildFile section */
		B72B3BF129772B1B00F88CDD /* QuadTree.swift in Sources */ = {isa = PBXBuildFile; fileRef = B72B3BEC29772B1B00F88CDD /* QuadTree.swift */; };
		B72B3BF229772B1B00F88CDD /* Annotation.swift in Sources */ = {isa = PBXBuildFile; fileRef = B72B3BED29772B1B00F88CDD /* Annotation.swift */; };
		B72B3BF329772B1B00F88CDD /* Cluster.swift in Sources */ = {isa = PBXBuildFile; fileRef = B72B3BEE29772B1B00F88CDD /* Cluster.swift */; };
		B72B3BF429772B1B00F88CDD /* Extensions.swift in Sources */ = {isa = PBXBuildFile; fileRef = B72B3BEF29772B1B00F88CDD /* Extensions.swift */; };
		B72B3BF529772B1B00F88CDD /* Atomic.swift in Sources */ = {isa = PBXBuildFile; fileRef = B72B3BF029772B1B00F88CDD /* Atomic.swift */; };
		B72B3BF729772B2900F88CDD /* MapViewUI.swift in Sources */ = {isa = PBXBuildFile; fileRef = B72B3BF629772B2900F88CDD /* MapViewUI.swift */; };
		B7366C952954D25400F0BFAA /* LocationManager.swift in Sources */ = {isa = PBXBuildFile; fileRef = B7366C942954D25400F0BFAA /* LocationManager.swift */; };
		B796639729531D7A0050BA58 /* Difigiano_AppApp.swift in Sources */ = {isa = PBXBuildFile; fileRef = B796639629531D7A0050BA58 /* Difigiano_AppApp.swift */; };
		B796639929531D7A0050BA58 /* LeaderBoardView.swift in Sources */ = {isa = PBXBuildFile; fileRef = B796639829531D7A0050BA58 /* LeaderBoardView.swift */; };
		B796639B29531D7C0050BA58 /* Assets.xcassets in Resources */ = {isa = PBXBuildFile; fileRef = B796639A29531D7C0050BA58 /* Assets.xcassets */; };
		B796639E29531D7C0050BA58 /* Preview Assets.xcassets in Resources */ = {isa = PBXBuildFile; fileRef = B796639D29531D7C0050BA58 /* Preview Assets.xcassets */; };
		B79663A829531D7C0050BA58 /* Difigiano_AppTests.swift in Sources */ = {isa = PBXBuildFile; fileRef = B79663A729531D7C0050BA58 /* Difigiano_AppTests.swift */; };
		B79663B229531D7C0050BA58 /* Difigiano_AppUITests.swift in Sources */ = {isa = PBXBuildFile; fileRef = B79663B129531D7C0050BA58 /* Difigiano_AppUITests.swift */; };
		B79663B429531D7C0050BA58 /* Difigiano_AppUITestsLaunchTests.swift in Sources */ = {isa = PBXBuildFile; fileRef = B79663B329531D7C0050BA58 /* Difigiano_AppUITestsLaunchTests.swift */; };
		B79663C129531E5D0050BA58 /* MapView.swift in Sources */ = {isa = PBXBuildFile; fileRef = B79663C029531E5D0050BA58 /* MapView.swift */; };
		B79663C5295320430050BA58 /* MainView.swift in Sources */ = {isa = PBXBuildFile; fileRef = B79663C4295320430050BA58 /* MainView.swift */; };
		B79663C7295321AD0050BA58 /* Model.swift in Sources */ = {isa = PBXBuildFile; fileRef = B79663C6295321AD0050BA58 /* Model.swift */; };
		B79663C9295325D90050BA58 /* ProfileView.swift in Sources */ = {isa = PBXBuildFile; fileRef = B79663C8295325D90050BA58 /* ProfileView.swift */; };
		B79663CB2953274F0050BA58 /* Contributor.swift in Sources */ = {isa = PBXBuildFile; fileRef = B79663CA2953274F0050BA58 /* Contributor.swift */; };
		B79663CD295328160050BA58 /* Post.swift in Sources */ = {isa = PBXBuildFile; fileRef = B79663CC295328160050BA58 /* Post.swift */; };
		B79663CF29532A810050BA58 /* Location.swift in Sources */ = {isa = PBXBuildFile; fileRef = B79663CE29532A810050BA58 /* Location.swift */; };
		B79B0F3C295333EB0076368C /* UnifrakturMaguntia.ttf in Resources */ = {isa = PBXBuildFile; fileRef = B79B0F3B2953339B0076368C /* UnifrakturMaguntia.ttf */; };
		B79B0F3D295333EB0076368C /* UnifrakturMaguntia.ttf in Resources */ = {isa = PBXBuildFile; fileRef = B79B0F3B2953339B0076368C /* UnifrakturMaguntia.ttf */; };
		B79B0F3E295333EE0076368C /* UnifrakturMaguntia.ttf in Resources */ = {isa = PBXBuildFile; fileRef = B79B0F3B2953339B0076368C /* UnifrakturMaguntia.ttf */; };
		B79B0F442953426C0076368C /* ShopView.swift in Sources */ = {isa = PBXBuildFile; fileRef = B79B0F432953426C0076368C /* ShopView.swift */; };
		B79B0F49295349360076368C /* FirebaseAnalyticsWithoutAdIdSupport in Frameworks */ = {isa = PBXBuildFile; productRef = B79B0F48295349360076368C /* FirebaseAnalyticsWithoutAdIdSupport */; };
		B79B0F4B295349360076368C /* FirebaseAuth in Frameworks */ = {isa = PBXBuildFile; productRef = B79B0F4A295349360076368C /* FirebaseAuth */; };
		B79B0F4D295349360076368C /* FirebaseStorage in Frameworks */ = {isa = PBXBuildFile; productRef = B79B0F4C295349360076368C /* FirebaseStorage */; };
		B7A59384296E03FE00F16AC2 /* LikeIndicator.swift in Sources */ = {isa = PBXBuildFile; fileRef = B7A59383296E03FE00F16AC2 /* LikeIndicator.swift */; };
		B7A59387296E1E4800F16AC2 /* FirebaseMessaging in Frameworks */ = {isa = PBXBuildFile; productRef = B7A59386296E1E4800F16AC2 /* FirebaseMessaging */; };
		B7A59389296EBA3900F16AC2 /* FirebaseAnalytics in Frameworks */ = {isa = PBXBuildFile; productRef = B7A59388296EBA3900F16AC2 /* FirebaseAnalytics */; };
		B7A5938D296ED47500F16AC2 /* FeedView.swift in Sources */ = {isa = PBXBuildFile; fileRef = B7A5938C296ED47500F16AC2 /* FeedView.swift */; };
		B7A5938F296EFAC900F16AC2 /* PostDetailCard.swift in Sources */ = {isa = PBXBuildFile; fileRef = B7A5938E296EFAC900F16AC2 /* PostDetailCard.swift */; };
		B7AACBFF2953545C0055C587 /* LoginView.swift in Sources */ = {isa = PBXBuildFile; fileRef = B7AACBFE2953545C0055C587 /* LoginView.swift */; };
		B7AACC02295355A10055C587 /* GoogleSignInSwift in Frameworks */ = {isa = PBXBuildFile; productRef = B7AACC01295355A10055C587 /* GoogleSignInSwift */; };
		B7AACC0629535BB00055C587 /* Authentication.swift in Sources */ = {isa = PBXBuildFile; fileRef = B7AACC0529535BB00055C587 /* Authentication.swift */; };
		B7AACC0929535CF80055C587 /* GoogleSignIn in Frameworks */ = {isa = PBXBuildFile; productRef = B7AACC0829535CF80055C587 /* GoogleSignIn */; };
		B7AACC0B29535CF80055C587 /* GoogleSignInSwift in Frameworks */ = {isa = PBXBuildFile; productRef = B7AACC0A29535CF80055C587 /* GoogleSignInSwift */; };
		B7AACC1029536DC10055C587 /* GoogleSignInButton.swift in Sources */ = {isa = PBXBuildFile; fileRef = B7AACC0F29536DC10055C587 /* GoogleSignInButton.swift */; };
		B7AACC1229536F6E0055C587 /* UploadView.swift in Sources */ = {isa = PBXBuildFile; fileRef = B7AACC1129536F6E0055C587 /* UploadView.swift */; };
		B7AACC15295370DC0055C587 /* DataStorage.swift in Sources */ = {isa = PBXBuildFile; fileRef = B7AACC14295370DC0055C587 /* DataStorage.swift */; };
		B7AACC17295377750055C587 /* ImagePicker.swift in Sources */ = {isa = PBXBuildFile; fileRef = B7AACC16295377750055C587 /* ImagePicker.swift */; };
		B7AACC1A29542DAB0055C587 /* FirebaseDatabase in Frameworks */ = {isa = PBXBuildFile; productRef = B7AACC1929542DAB0055C587 /* FirebaseDatabase */; };
		B7AACC1C2954382E0055C587 /* GoogleService-Info.plist in Resources */ = {isa = PBXBuildFile; fileRef = B7AACC1B2954382E0055C587 /* GoogleService-Info.plist */; };
		B7AACC2029546DA80055C587 /* PostPreview.swift in Sources */ = {isa = PBXBuildFile; fileRef = B7AACC1F29546DA80055C587 /* PostPreview.swift */; };
		B7AACC222954B2CC0055C587 /* PostDetailView.swift in Sources */ = {isa = PBXBuildFile; fileRef = B7AACC212954B2CC0055C587 /* PostDetailView.swift */; };
		B7B8969329587A3700CE431D /* Constants.swift in Sources */ = {isa = PBXBuildFile; fileRef = B7B8969229587A3700CE431D /* Constants.swift */; };
		B7B8969929588B0400CE431D /* EditableTextView.swift in Sources */ = {isa = PBXBuildFile; fileRef = B7B8969829588B0400CE431D /* EditableTextView.swift */; };
		B7B8969D295C6FB100CE431D /* CardModifier.swift in Sources */ = {isa = PBXBuildFile; fileRef = B7B8969C295C6FB100CE431D /* CardModifier.swift */; };
		B7B896A1295C76A500CE431D /* PostInfoView.swift in Sources */ = {isa = PBXBuildFile; fileRef = B7B896A0295C76A500CE431D /* PostInfoView.swift */; };
		B7BC1B0329683F060035EE70 /* ExplainProfileView.swift in Sources */ = {isa = PBXBuildFile; fileRef = B7BC1B0229683F060035EE70 /* ExplainProfileView.swift */; };
		B7CC1F7E2954BC4C00F7FA36 /* ColorExtension.swift in Sources */ = {isa = PBXBuildFile; fileRef = B7CC1F7D2954BC4C00F7FA36 /* ColorExtension.swift */; };
		B7CC1F802954BC6500F7FA36 /* UIImageExtension.swift in Sources */ = {isa = PBXBuildFile; fileRef = B7CC1F7F2954BC6500F7FA36 /* UIImageExtension.swift */; };
		B7DD62A42955F6D500CE7D5B /* UserProfileView.swift in Sources */ = {isa = PBXBuildFile; fileRef = B7DD62A32955F6D500CE7D5B /* UserProfileView.swift */; };
		B7DD62A629571F3300CE7D5B /* DifigianoAsyncImage.swift in Sources */ = {isa = PBXBuildFile; fileRef = B7DD62A529571F3300CE7D5B /* DifigianoAsyncImage.swift */; };
		B7DD62A82957347200CE7D5B /* ViewExtension.swift in Sources */ = {isa = PBXBuildFile; fileRef = B7DD62A72957347200CE7D5B /* ViewExtension.swift */; };
		BDF18F692970B4F800D04886 /* TabifyItems.swift in Sources */ = {isa = PBXBuildFile; fileRef = BDF18F682970B4F800D04886 /* TabifyItems.swift */; };
		BDF18F6B2970B60000D04886 /* CustomTabifyBarStyle.swift in Sources */ = {isa = PBXBuildFile; fileRef = BDF18F6A2970B60000D04886 /* CustomTabifyBarStyle.swift */; };
		BDF18F6E2970B62500D04886 /* CustomTabifyItemStyle.swift in Sources */ = {isa = PBXBuildFile; fileRef = BDF18F6D2970B62500D04886 /* CustomTabifyItemStyle.swift */; };
		BDF18F712970B65500D04886 /* Tabify in Frameworks */ = {isa = PBXBuildFile; productRef = BDF18F702970B65500D04886 /* Tabify */; };
/* End PBXBuildFile section */

/* Begin PBXContainerItemProxy section */
		B79663A429531D7C0050BA58 /* PBXContainerItemProxy */ = {
			isa = PBXContainerItemProxy;
			containerPortal = B796638B29531D7A0050BA58 /* Project object */;
			proxyType = 1;
			remoteGlobalIDString = B796639229531D7A0050BA58;
			remoteInfo = "Difigiano App";
		};
		B79663AE29531D7C0050BA58 /* PBXContainerItemProxy */ = {
			isa = PBXContainerItemProxy;
			containerPortal = B796638B29531D7A0050BA58 /* Project object */;
			proxyType = 1;
			remoteGlobalIDString = B796639229531D7A0050BA58;
			remoteInfo = "Difigiano App";
		};
/* End PBXContainerItemProxy section */

/* Begin PBXFileReference section */
		B72B3BEC29772B1B00F88CDD /* QuadTree.swift */ = {isa = PBXFileReference; fileEncoding = 4; lastKnownFileType = sourcecode.swift; path = QuadTree.swift; sourceTree = "<group>"; };
		B72B3BED29772B1B00F88CDD /* Annotation.swift */ = {isa = PBXFileReference; fileEncoding = 4; lastKnownFileType = sourcecode.swift; path = Annotation.swift; sourceTree = "<group>"; };
		B72B3BEE29772B1B00F88CDD /* Cluster.swift */ = {isa = PBXFileReference; fileEncoding = 4; lastKnownFileType = sourcecode.swift; path = Cluster.swift; sourceTree = "<group>"; };
		B72B3BEF29772B1B00F88CDD /* Extensions.swift */ = {isa = PBXFileReference; fileEncoding = 4; lastKnownFileType = sourcecode.swift; path = Extensions.swift; sourceTree = "<group>"; };
		B72B3BF029772B1B00F88CDD /* Atomic.swift */ = {isa = PBXFileReference; fileEncoding = 4; lastKnownFileType = sourcecode.swift; path = Atomic.swift; sourceTree = "<group>"; };
		B72B3BF629772B2900F88CDD /* MapViewUI.swift */ = {isa = PBXFileReference; fileEncoding = 4; lastKnownFileType = sourcecode.swift; path = MapViewUI.swift; sourceTree = "<group>"; };
		B7366C942954D25400F0BFAA /* LocationManager.swift */ = {isa = PBXFileReference; lastKnownFileType = sourcecode.swift; path = LocationManager.swift; sourceTree = "<group>"; };
		B796639329531D7A0050BA58 /* Difigiano.app */ = {isa = PBXFileReference; explicitFileType = wrapper.application; includeInIndex = 0; path = Difigiano.app; sourceTree = BUILT_PRODUCTS_DIR; };
		B796639629531D7A0050BA58 /* Difigiano_AppApp.swift */ = {isa = PBXFileReference; lastKnownFileType = sourcecode.swift; path = Difigiano_AppApp.swift; sourceTree = "<group>"; };
		B796639829531D7A0050BA58 /* LeaderBoardView.swift */ = {isa = PBXFileReference; lastKnownFileType = sourcecode.swift; path = LeaderBoardView.swift; sourceTree = "<group>"; };
		B796639A29531D7C0050BA58 /* Assets.xcassets */ = {isa = PBXFileReference; lastKnownFileType = folder.assetcatalog; path = Assets.xcassets; sourceTree = "<group>"; };
		B796639D29531D7C0050BA58 /* Preview Assets.xcassets */ = {isa = PBXFileReference; lastKnownFileType = folder.assetcatalog; path = "Preview Assets.xcassets"; sourceTree = "<group>"; };
		B79663A329531D7C0050BA58 /* DifigianoTests.xctest */ = {isa = PBXFileReference; explicitFileType = wrapper.cfbundle; includeInIndex = 0; path = DifigianoTests.xctest; sourceTree = BUILT_PRODUCTS_DIR; };
		B79663A729531D7C0050BA58 /* Difigiano_AppTests.swift */ = {isa = PBXFileReference; lastKnownFileType = sourcecode.swift; path = Difigiano_AppTests.swift; sourceTree = "<group>"; };
		B79663AD29531D7C0050BA58 /* DifigianoUITests.xctest */ = {isa = PBXFileReference; explicitFileType = wrapper.cfbundle; includeInIndex = 0; path = DifigianoUITests.xctest; sourceTree = BUILT_PRODUCTS_DIR; };
		B79663B129531D7C0050BA58 /* Difigiano_AppUITests.swift */ = {isa = PBXFileReference; lastKnownFileType = sourcecode.swift; path = Difigiano_AppUITests.swift; sourceTree = "<group>"; };
		B79663B329531D7C0050BA58 /* Difigiano_AppUITestsLaunchTests.swift */ = {isa = PBXFileReference; lastKnownFileType = sourcecode.swift; path = Difigiano_AppUITestsLaunchTests.swift; sourceTree = "<group>"; };
		B79663C029531E5D0050BA58 /* MapView.swift */ = {isa = PBXFileReference; lastKnownFileType = sourcecode.swift; path = MapView.swift; sourceTree = "<group>"; };
		B79663C4295320430050BA58 /* MainView.swift */ = {isa = PBXFileReference; lastKnownFileType = sourcecode.swift; path = MainView.swift; sourceTree = "<group>"; };
		B79663C6295321AD0050BA58 /* Model.swift */ = {isa = PBXFileReference; lastKnownFileType = sourcecode.swift; path = Model.swift; sourceTree = "<group>"; };
		B79663C8295325D90050BA58 /* ProfileView.swift */ = {isa = PBXFileReference; lastKnownFileType = sourcecode.swift; path = ProfileView.swift; sourceTree = "<group>"; };
		B79663CA2953274F0050BA58 /* Contributor.swift */ = {isa = PBXFileReference; lastKnownFileType = sourcecode.swift; path = Contributor.swift; sourceTree = "<group>"; };
		B79663CC295328160050BA58 /* Post.swift */ = {isa = PBXFileReference; lastKnownFileType = sourcecode.swift; path = Post.swift; sourceTree = "<group>"; };
		B79663CE29532A810050BA58 /* Location.swift */ = {isa = PBXFileReference; lastKnownFileType = sourcecode.swift; path = Location.swift; sourceTree = "<group>"; };
		B79B0F3B2953339B0076368C /* UnifrakturMaguntia.ttf */ = {isa = PBXFileReference; lastKnownFileType = file; path = UnifrakturMaguntia.ttf; sourceTree = "<group>"; };
		B79B0F402953352C0076368C /* Difigiano-App-Info.plist */ = {isa = PBXFileReference; lastKnownFileType = text.plist; path = "Difigiano-App-Info.plist"; sourceTree = SOURCE_ROOT; };
		B79B0F432953426C0076368C /* ShopView.swift */ = {isa = PBXFileReference; lastKnownFileType = sourcecode.swift; path = ShopView.swift; sourceTree = "<group>"; };
		B7A59383296E03FE00F16AC2 /* LikeIndicator.swift */ = {isa = PBXFileReference; lastKnownFileType = sourcecode.swift; path = LikeIndicator.swift; sourceTree = "<group>"; };
		B7A5938C296ED47500F16AC2 /* FeedView.swift */ = {isa = PBXFileReference; lastKnownFileType = sourcecode.swift; path = FeedView.swift; sourceTree = "<group>"; };
		B7A5938E296EFAC900F16AC2 /* PostDetailCard.swift */ = {isa = PBXFileReference; lastKnownFileType = sourcecode.swift; path = PostDetailCard.swift; sourceTree = "<group>"; };
		B7AACBFE2953545C0055C587 /* LoginView.swift */ = {isa = PBXFileReference; lastKnownFileType = sourcecode.swift; path = LoginView.swift; sourceTree = "<group>"; };
		B7AACC0529535BB00055C587 /* Authentication.swift */ = {isa = PBXFileReference; lastKnownFileType = sourcecode.swift; path = Authentication.swift; sourceTree = "<group>"; };
		B7AACC0F29536DC10055C587 /* GoogleSignInButton.swift */ = {isa = PBXFileReference; lastKnownFileType = sourcecode.swift; path = GoogleSignInButton.swift; sourceTree = "<group>"; };
		B7AACC1129536F6E0055C587 /* UploadView.swift */ = {isa = PBXFileReference; lastKnownFileType = sourcecode.swift; path = UploadView.swift; sourceTree = "<group>"; };
		B7AACC14295370DC0055C587 /* DataStorage.swift */ = {isa = PBXFileReference; lastKnownFileType = sourcecode.swift; path = DataStorage.swift; sourceTree = "<group>"; };
		B7AACC16295377750055C587 /* ImagePicker.swift */ = {isa = PBXFileReference; lastKnownFileType = sourcecode.swift; path = ImagePicker.swift; sourceTree = "<group>"; };
		B7AACC1B2954382E0055C587 /* GoogleService-Info.plist */ = {isa = PBXFileReference; fileEncoding = 4; lastKnownFileType = text.plist.xml; path = "GoogleService-Info.plist"; sourceTree = "<group>"; };
		B7AACC1F29546DA80055C587 /* PostPreview.swift */ = {isa = PBXFileReference; lastKnownFileType = sourcecode.swift; path = PostPreview.swift; sourceTree = "<group>"; };
		B7AACC212954B2CC0055C587 /* PostDetailView.swift */ = {isa = PBXFileReference; lastKnownFileType = sourcecode.swift; path = PostDetailView.swift; sourceTree = "<group>"; };
		B7B8969229587A3700CE431D /* Constants.swift */ = {isa = PBXFileReference; lastKnownFileType = sourcecode.swift; path = Constants.swift; sourceTree = "<group>"; };
		B7B8969829588B0400CE431D /* EditableTextView.swift */ = {isa = PBXFileReference; lastKnownFileType = sourcecode.swift; path = EditableTextView.swift; sourceTree = "<group>"; };
		B7B8969A2958C90000CE431D /* Difigiano.entitlements */ = {isa = PBXFileReference; lastKnownFileType = text.plist.entitlements; path = Difigiano.entitlements; sourceTree = "<group>"; };
		B7B8969C295C6FB100CE431D /* CardModifier.swift */ = {isa = PBXFileReference; lastKnownFileType = sourcecode.swift; path = CardModifier.swift; sourceTree = "<group>"; };
		B7B896A0295C76A500CE431D /* PostInfoView.swift */ = {isa = PBXFileReference; lastKnownFileType = sourcecode.swift; path = PostInfoView.swift; sourceTree = "<group>"; };
		B7BC1B0229683F060035EE70 /* ExplainProfileView.swift */ = {isa = PBXFileReference; lastKnownFileType = sourcecode.swift; path = ExplainProfileView.swift; sourceTree = "<group>"; };
		B7CC1F7D2954BC4C00F7FA36 /* ColorExtension.swift */ = {isa = PBXFileReference; lastKnownFileType = sourcecode.swift; path = ColorExtension.swift; sourceTree = "<group>"; };
		B7CC1F7F2954BC6500F7FA36 /* UIImageExtension.swift */ = {isa = PBXFileReference; lastKnownFileType = sourcecode.swift; path = UIImageExtension.swift; sourceTree = "<group>"; };
		B7DD62A32955F6D500CE7D5B /* UserProfileView.swift */ = {isa = PBXFileReference; lastKnownFileType = sourcecode.swift; path = UserProfileView.swift; sourceTree = "<group>"; };
		B7DD62A529571F3300CE7D5B /* DifigianoAsyncImage.swift */ = {isa = PBXFileReference; lastKnownFileType = sourcecode.swift; path = DifigianoAsyncImage.swift; sourceTree = "<group>"; };
		B7DD62A72957347200CE7D5B /* ViewExtension.swift */ = {isa = PBXFileReference; lastKnownFileType = sourcecode.swift; path = ViewExtension.swift; sourceTree = "<group>"; };
		BDF18F682970B4F800D04886 /* TabifyItems.swift */ = {isa = PBXFileReference; lastKnownFileType = sourcecode.swift; path = TabifyItems.swift; sourceTree = "<group>"; };
		BDF18F6A2970B60000D04886 /* CustomTabifyBarStyle.swift */ = {isa = PBXFileReference; lastKnownFileType = sourcecode.swift; path = CustomTabifyBarStyle.swift; sourceTree = "<group>"; };
		BDF18F6D2970B62500D04886 /* CustomTabifyItemStyle.swift */ = {isa = PBXFileReference; lastKnownFileType = sourcecode.swift; path = CustomTabifyItemStyle.swift; sourceTree = "<group>"; };
/* End PBXFileReference section */

/* Begin PBXFrameworksBuildPhase section */
		B796639029531D7A0050BA58 /* Frameworks */ = {
			isa = PBXFrameworksBuildPhase;
			buildActionMask = 2147483647;
			files = (
				B7A59387296E1E4800F16AC2 /* FirebaseMessaging in Frameworks */,
				B7AACC0929535CF80055C587 /* GoogleSignIn in Frameworks */,
				B79B0F49295349360076368C /* FirebaseAnalyticsWithoutAdIdSupport in Frameworks */,
				B79B0F4B295349360076368C /* FirebaseAuth in Frameworks */,
				B7AACC0B29535CF80055C587 /* GoogleSignInSwift in Frameworks */,
				BDF18F712970B65500D04886 /* Tabify in Frameworks */,
				B79B0F4D295349360076368C /* FirebaseStorage in Frameworks */,
				B7AACC1A29542DAB0055C587 /* FirebaseDatabase in Frameworks */,
				B7AACC02295355A10055C587 /* GoogleSignInSwift in Frameworks */,
				B7A59389296EBA3900F16AC2 /* FirebaseAnalytics in Frameworks */,
			);
			runOnlyForDeploymentPostprocessing = 0;
		};
		B79663A029531D7C0050BA58 /* Frameworks */ = {
			isa = PBXFrameworksBuildPhase;
			buildActionMask = 2147483647;
			files = (
			);
			runOnlyForDeploymentPostprocessing = 0;
		};
		B79663AA29531D7C0050BA58 /* Frameworks */ = {
			isa = PBXFrameworksBuildPhase;
			buildActionMask = 2147483647;
			files = (
			);
			runOnlyForDeploymentPostprocessing = 0;
		};
/* End PBXFrameworksBuildPhase section */

/* Begin PBXGroup section */
		B72B3BEB29772B0300F88CDD /* Cluster */ = {
			isa = PBXGroup;
			children = (
				B72B3BED29772B1B00F88CDD /* Annotation.swift */,
				B72B3BF029772B1B00F88CDD /* Atomic.swift */,
				B72B3BEE29772B1B00F88CDD /* Cluster.swift */,
				B72B3BEF29772B1B00F88CDD /* Extensions.swift */,
				B72B3BEC29772B1B00F88CDD /* QuadTree.swift */,
			);
			path = Cluster;
			sourceTree = "<group>";
		};
		B796638A29531D7A0050BA58 = {
			isa = PBXGroup;
			children = (
				B7B8969A2958C90000CE431D /* Difigiano.entitlements */,
				B796639529531D7A0050BA58 /* Difigiano App */,
				B79663A629531D7C0050BA58 /* Difigiano AppTests */,
				B79663B029531D7C0050BA58 /* Difigiano AppUITests */,
				B796639429531D7A0050BA58 /* Products */,
				B7A59385296E1E4800F16AC2 /* Frameworks */,
			);
			sourceTree = "<group>";
		};
		B796639429531D7A0050BA58 /* Products */ = {
			isa = PBXGroup;
			children = (
				B796639329531D7A0050BA58 /* Difigiano.app */,
				B79663A329531D7C0050BA58 /* DifigianoTests.xctest */,
				B79663AD29531D7C0050BA58 /* DifigianoUITests.xctest */,
			);
			name = Products;
			sourceTree = "<group>";
		};
		B796639529531D7A0050BA58 /* Difigiano App */ = {
			isa = PBXGroup;
			children = (
				BDF18F662970B4E500D04886 /* Tabify */,
				B79B0F402953352C0076368C /* Difigiano-App-Info.plist */,
				B7AACC1B2954382E0055C587 /* GoogleService-Info.plist */,
				B796639629531D7A0050BA58 /* Difigiano_AppApp.swift */,
				B79B0F42295342310076368C /* Views */,
				B7AACC0E29536DA90055C587 /* HelperViews */,
				B7CC1F7C2954BC3C00F7FA36 /* Extensions */,
				B7B8969B295C6FA100CE431D /* Modifiers */,
				B79B0F41295342230076368C /* Models */,
				B7AACC13295370B20055C587 /* Helpers */,
				B79B0F3B2953339B0076368C /* UnifrakturMaguntia.ttf */,
				B796639A29531D7C0050BA58 /* Assets.xcassets */,
				B72B3BEB29772B0300F88CDD /* Cluster */,
				B796639C29531D7C0050BA58 /* Preview Content */,
			);
			path = "Difigiano App";
			sourceTree = "<group>";
		};
		B796639C29531D7C0050BA58 /* Preview Content */ = {
			isa = PBXGroup;
			children = (
				B796639D29531D7C0050BA58 /* Preview Assets.xcassets */,
			);
			path = "Preview Content";
			sourceTree = "<group>";
		};
		B79663A629531D7C0050BA58 /* Difigiano AppTests */ = {
			isa = PBXGroup;
			children = (
				B79663A729531D7C0050BA58 /* Difigiano_AppTests.swift */,
			);
			path = "Difigiano AppTests";
			sourceTree = "<group>";
		};
		B79663B029531D7C0050BA58 /* Difigiano AppUITests */ = {
			isa = PBXGroup;
			children = (
				B79663B129531D7C0050BA58 /* Difigiano_AppUITests.swift */,
				B79663B329531D7C0050BA58 /* Difigiano_AppUITestsLaunchTests.swift */,
			);
			path = "Difigiano AppUITests";
			sourceTree = "<group>";
		};
		B79B0F41295342230076368C /* Models */ = {
			isa = PBXGroup;
			children = (
				B79663C6295321AD0050BA58 /* Model.swift */,
				B79663CA2953274F0050BA58 /* Contributor.swift */,
				B79663CC295328160050BA58 /* Post.swift */,
				B7B8969229587A3700CE431D /* Constants.swift */,
				B79663CE29532A810050BA58 /* Location.swift */,
				B7366C942954D25400F0BFAA /* LocationManager.swift */,
			);
			path = Models;
			sourceTree = "<group>";
		};
		B79B0F42295342310076368C /* Views */ = {
			isa = PBXGroup;
			children = (
				B79663C4295320430050BA58 /* MainView.swift */,
				B796639829531D7A0050BA58 /* LeaderBoardView.swift */,
				B79663C029531E5D0050BA58 /* MapView.swift */,
				B79663C8295325D90050BA58 /* ProfileView.swift */,
				B7DD62A32955F6D500CE7D5B /* UserProfileView.swift */,
				B7AACC1129536F6E0055C587 /* UploadView.swift */,
				B7A5938C296ED47500F16AC2 /* FeedView.swift */,
				B79B0F432953426C0076368C /* ShopView.swift */,
			);
			path = Views;
			sourceTree = "<group>";
		};
		B7A59385296E1E4800F16AC2 /* Frameworks */ = {
			isa = PBXGroup;
			children = (
			);
			name = Frameworks;
			sourceTree = "<group>";
		};
		B7AACC0E29536DA90055C587 /* HelperViews */ = {
			isa = PBXGroup;
			children = (
				B7AACC1F29546DA80055C587 /* PostPreview.swift */,
				B7AACC0F29536DC10055C587 /* GoogleSignInButton.swift */,
				B7BC1B0229683F060035EE70 /* ExplainProfileView.swift */,
				B7B896A0295C76A500CE431D /* PostInfoView.swift */,
				B7AACBFE2953545C0055C587 /* LoginView.swift */,
				B7B8969829588B0400CE431D /* EditableTextView.swift */,
				B7AACC212954B2CC0055C587 /* PostDetailView.swift */,
				B7A5938E296EFAC900F16AC2 /* PostDetailCard.swift */,
				B7A59383296E03FE00F16AC2 /* LikeIndicator.swift */,
				B7AACC16295377750055C587 /* ImagePicker.swift */,
				B7DD62A529571F3300CE7D5B /* DifigianoAsyncImage.swift */,
				B72B3BF629772B2900F88CDD /* MapViewUI.swift */,
			);
			path = HelperViews;
			sourceTree = "<group>";
		};
		B7AACC13295370B20055C587 /* Helpers */ = {
			isa = PBXGroup;
			children = (
				B7AACC0529535BB00055C587 /* Authentication.swift */,
				B7AACC14295370DC0055C587 /* DataStorage.swift */,
			);
			path = Helpers;
			sourceTree = "<group>";
		};
		B7B8969B295C6FA100CE431D /* Modifiers */ = {
			isa = PBXGroup;
			children = (
				B7B8969C295C6FB100CE431D /* CardModifier.swift */,
			);
			path = Modifiers;
			sourceTree = "<group>";
		};
		B7CC1F7C2954BC3C00F7FA36 /* Extensions */ = {
			isa = PBXGroup;
			children = (
				B7CC1F7D2954BC4C00F7FA36 /* ColorExtension.swift */,
				B7DD62A72957347200CE7D5B /* ViewExtension.swift */,
				B7CC1F7F2954BC6500F7FA36 /* UIImageExtension.swift */,
			);
			path = Extensions;
			sourceTree = "<group>";
		};
		BDF18F662970B4E500D04886 /* Tabify */ = {
			isa = PBXGroup;
			children = (
				BDF18F672970B4EB00D04886 /* Styles */,
				BDF18F682970B4F800D04886 /* TabifyItems.swift */,
			);
			path = Tabify;
			sourceTree = "<group>";
		};
		BDF18F672970B4EB00D04886 /* Styles */ = {
			isa = PBXGroup;
			children = (
				BDF18F6A2970B60000D04886 /* CustomTabifyBarStyle.swift */,
				BDF18F6D2970B62500D04886 /* CustomTabifyItemStyle.swift */,
			);
			path = Styles;
			sourceTree = "<group>";
		};
/* End PBXGroup section */

/* Begin PBXNativeTarget section */
		B796639229531D7A0050BA58 /* Difigiano */ = {
			isa = PBXNativeTarget;
			buildConfigurationList = B79663B729531D7C0050BA58 /* Build configuration list for PBXNativeTarget "Difigiano" */;
			buildPhases = (
				B796638F29531D7A0050BA58 /* Sources */,
				B796639029531D7A0050BA58 /* Frameworks */,
				B796639129531D7A0050BA58 /* Resources */,
			);
			buildRules = (
			);
			dependencies = (
			);
			name = Difigiano;
			packageProductDependencies = (
				B79B0F48295349360076368C /* FirebaseAnalyticsWithoutAdIdSupport */,
				B79B0F4A295349360076368C /* FirebaseAuth */,
				B79B0F4C295349360076368C /* FirebaseStorage */,
				B7AACC01295355A10055C587 /* GoogleSignInSwift */,
				B7AACC0829535CF80055C587 /* GoogleSignIn */,
				B7AACC0A29535CF80055C587 /* GoogleSignInSwift */,
				B7AACC1929542DAB0055C587 /* FirebaseDatabase */,
				B7A59386296E1E4800F16AC2 /* FirebaseMessaging */,
				B7A59388296EBA3900F16AC2 /* FirebaseAnalytics */,
				BDF18F702970B65500D04886 /* Tabify */,
			);
			productName = "Difigiano App";
			productReference = B796639329531D7A0050BA58 /* Difigiano.app */;
			productType = "com.apple.product-type.application";
		};
		B79663A229531D7C0050BA58 /* DifigianoTests */ = {
			isa = PBXNativeTarget;
			buildConfigurationList = B79663BA29531D7C0050BA58 /* Build configuration list for PBXNativeTarget "DifigianoTests" */;
			buildPhases = (
				B796639F29531D7C0050BA58 /* Sources */,
				B79663A029531D7C0050BA58 /* Frameworks */,
				B79663A129531D7C0050BA58 /* Resources */,
			);
			buildRules = (
			);
			dependencies = (
				B79663A529531D7C0050BA58 /* PBXTargetDependency */,
			);
			name = DifigianoTests;
			productName = "Difigiano AppTests";
			productReference = B79663A329531D7C0050BA58 /* DifigianoTests.xctest */;
			productType = "com.apple.product-type.bundle.unit-test";
		};
		B79663AC29531D7C0050BA58 /* DifigianoUITests */ = {
			isa = PBXNativeTarget;
			buildConfigurationList = B79663BD29531D7C0050BA58 /* Build configuration list for PBXNativeTarget "DifigianoUITests" */;
			buildPhases = (
				B79663A929531D7C0050BA58 /* Sources */,
				B79663AA29531D7C0050BA58 /* Frameworks */,
				B79663AB29531D7C0050BA58 /* Resources */,
			);
			buildRules = (
			);
			dependencies = (
				B79663AF29531D7C0050BA58 /* PBXTargetDependency */,
			);
			name = DifigianoUITests;
			productName = "Difigiano AppUITests";
			productReference = B79663AD29531D7C0050BA58 /* DifigianoUITests.xctest */;
			productType = "com.apple.product-type.bundle.ui-testing";
		};
/* End PBXNativeTarget section */

/* Begin PBXProject section */
		B796638B29531D7A0050BA58 /* Project object */ = {
			isa = PBXProject;
			attributes = {
				BuildIndependentTargetsInParallel = 1;
				LastSwiftUpdateCheck = 1330;
				LastUpgradeCheck = 1330;
				TargetAttributes = {
					B796639229531D7A0050BA58 = {
						CreatedOnToolsVersion = 13.3.1;
					};
					B79663A229531D7C0050BA58 = {
						CreatedOnToolsVersion = 13.3.1;
						TestTargetID = B796639229531D7A0050BA58;
					};
					B79663AC29531D7C0050BA58 = {
						CreatedOnToolsVersion = 13.3.1;
						TestTargetID = B796639229531D7A0050BA58;
					};
				};
			};
			buildConfigurationList = B796638E29531D7A0050BA58 /* Build configuration list for PBXProject "Difigiano" */;
			compatibilityVersion = "Xcode 13.0";
			developmentRegion = en;
			hasScannedForEncodings = 0;
			knownRegions = (
				en,
				Base,
			);
			mainGroup = B796638A29531D7A0050BA58;
			packageReferences = (
				B79B0F47295349360076368C /* XCRemoteSwiftPackageReference "firebase-ios-sdk" */,
				B7AACC00295355A10055C587 /* XCRemoteSwiftPackageReference "GoogleSignIn-iOS" */,
				B7AACC0729535CF80055C587 /* XCRemoteSwiftPackageReference "GoogleSignIn-iOS" */,
				B7AACC1829542DAB0055C587 /* XCRemoteSwiftPackageReference "firebase-ios-sdk" */,
				BDF18F6F2970B65500D04886 /* XCRemoteSwiftPackageReference "Tabify" */,
			);
			productRefGroup = B796639429531D7A0050BA58 /* Products */;
			projectDirPath = "";
			projectRoot = "";
			targets = (
				B796639229531D7A0050BA58 /* Difigiano */,
				B79663A229531D7C0050BA58 /* DifigianoTests */,
				B79663AC29531D7C0050BA58 /* DifigianoUITests */,
			);
		};
/* End PBXProject section */

/* Begin PBXResourcesBuildPhase section */
		B796639129531D7A0050BA58 /* Resources */ = {
			isa = PBXResourcesBuildPhase;
			buildActionMask = 2147483647;
			files = (
				B796639E29531D7C0050BA58 /* Preview Assets.xcassets in Resources */,
				B7AACC1C2954382E0055C587 /* GoogleService-Info.plist in Resources */,
				B79B0F3C295333EB0076368C /* UnifrakturMaguntia.ttf in Resources */,
				B796639B29531D7C0050BA58 /* Assets.xcassets in Resources */,
			);
			runOnlyForDeploymentPostprocessing = 0;
		};
		B79663A129531D7C0050BA58 /* Resources */ = {
			isa = PBXResourcesBuildPhase;
			buildActionMask = 2147483647;
			files = (
				B79B0F3D295333EB0076368C /* UnifrakturMaguntia.ttf in Resources */,
			);
			runOnlyForDeploymentPostprocessing = 0;
		};
		B79663AB29531D7C0050BA58 /* Resources */ = {
			isa = PBXResourcesBuildPhase;
			buildActionMask = 2147483647;
			files = (
				B79B0F3E295333EE0076368C /* UnifrakturMaguntia.ttf in Resources */,
			);
			runOnlyForDeploymentPostprocessing = 0;
		};
/* End PBXResourcesBuildPhase section */

/* Begin PBXSourcesBuildPhase section */
		B796638F29531D7A0050BA58 /* Sources */ = {
			isa = PBXSourcesBuildPhase;
			buildActionMask = 2147483647;
			files = (
				B72B3BF129772B1B00F88CDD /* QuadTree.swift in Sources */,
				BDF18F692970B4F800D04886 /* TabifyItems.swift in Sources */,
				B72B3BF729772B2900F88CDD /* MapViewUI.swift in Sources */,
				B7B8969329587A3700CE431D /* Constants.swift in Sources */,
				B7AACC0629535BB00055C587 /* Authentication.swift in Sources */,
				B72B3BF529772B1B00F88CDD /* Atomic.swift in Sources */,
				B7A5938F296EFAC900F16AC2 /* PostDetailCard.swift in Sources */,
				B7AACC1229536F6E0055C587 /* UploadView.swift in Sources */,
				B7B8969929588B0400CE431D /* EditableTextView.swift in Sources */,
				B79663C129531E5D0050BA58 /* MapView.swift in Sources */,
				B7CC1F802954BC6500F7FA36 /* UIImageExtension.swift in Sources */,
				B79663C5295320430050BA58 /* MainView.swift in Sources */,
				B79663C9295325D90050BA58 /* ProfileView.swift in Sources */,
				B7DD62A82957347200CE7D5B /* ViewExtension.swift in Sources */,
				B79B0F442953426C0076368C /* ShopView.swift in Sources */,
				B7DD62A42955F6D500CE7D5B /* UserProfileView.swift in Sources */,
				B7AACC2029546DA80055C587 /* PostPreview.swift in Sources */,
				B7BC1B0329683F060035EE70 /* ExplainProfileView.swift in Sources */,
				B72B3BF329772B1B00F88CDD /* Cluster.swift in Sources */,
				B79663CD295328160050BA58 /* Post.swift in Sources */,
				B7AACC15295370DC0055C587 /* DataStorage.swift in Sources */,
				B7AACC222954B2CC0055C587 /* PostDetailView.swift in Sources */,
				B79663CF29532A810050BA58 /* Location.swift in Sources */,
				B796639929531D7A0050BA58 /* LeaderBoardView.swift in Sources */,
				BDF18F6E2970B62500D04886 /* CustomTabifyItemStyle.swift in Sources */,
				B7A59384296E03FE00F16AC2 /* LikeIndicator.swift in Sources */,
				BDF18F6B2970B60000D04886 /* CustomTabifyBarStyle.swift in Sources */,
				B79663C7295321AD0050BA58 /* Model.swift in Sources */,
				B7AACBFF2953545C0055C587 /* LoginView.swift in Sources */,
				B7AACC1029536DC10055C587 /* GoogleSignInButton.swift in Sources */,
				B7A5938D296ED47500F16AC2 /* FeedView.swift in Sources */,
				B7DD62A629571F3300CE7D5B /* DifigianoAsyncImage.swift in Sources */,
				B7AACC17295377750055C587 /* ImagePicker.swift in Sources */,
				B7366C952954D25400F0BFAA /* LocationManager.swift in Sources */,
				B796639729531D7A0050BA58 /* Difigiano_AppApp.swift in Sources */,
				B72B3BF229772B1B00F88CDD /* Annotation.swift in Sources */,
				B72B3BF429772B1B00F88CDD /* Extensions.swift in Sources */,
				B79663CB2953274F0050BA58 /* Contributor.swift in Sources */,
				B7CC1F7E2954BC4C00F7FA36 /* ColorExtension.swift in Sources */,
				B7B896A1295C76A500CE431D /* PostInfoView.swift in Sources */,
				B7B8969D295C6FB100CE431D /* CardModifier.swift in Sources */,
			);
			runOnlyForDeploymentPostprocessing = 0;
		};
		B796639F29531D7C0050BA58 /* Sources */ = {
			isa = PBXSourcesBuildPhase;
			buildActionMask = 2147483647;
			files = (
				B79663A829531D7C0050BA58 /* Difigiano_AppTests.swift in Sources */,
			);
			runOnlyForDeploymentPostprocessing = 0;
		};
		B79663A929531D7C0050BA58 /* Sources */ = {
			isa = PBXSourcesBuildPhase;
			buildActionMask = 2147483647;
			files = (
				B79663B229531D7C0050BA58 /* Difigiano_AppUITests.swift in Sources */,
				B79663B429531D7C0050BA58 /* Difigiano_AppUITestsLaunchTests.swift in Sources */,
			);
			runOnlyForDeploymentPostprocessing = 0;
		};
/* End PBXSourcesBuildPhase section */

/* Begin PBXTargetDependency section */
		B79663A529531D7C0050BA58 /* PBXTargetDependency */ = {
			isa = PBXTargetDependency;
			target = B796639229531D7A0050BA58 /* Difigiano */;
			targetProxy = B79663A429531D7C0050BA58 /* PBXContainerItemProxy */;
		};
		B79663AF29531D7C0050BA58 /* PBXTargetDependency */ = {
			isa = PBXTargetDependency;
			target = B796639229531D7A0050BA58 /* Difigiano */;
			targetProxy = B79663AE29531D7C0050BA58 /* PBXContainerItemProxy */;
		};
/* End PBXTargetDependency section */

/* Begin XCBuildConfiguration section */
		B79663B529531D7C0050BA58 /* Debug */ = {
			isa = XCBuildConfiguration;
			buildSettings = {
				ALWAYS_SEARCH_USER_PATHS = NO;
				CLANG_ANALYZER_NONNULL = YES;
				CLANG_ANALYZER_NUMBER_OBJECT_CONVERSION = YES_AGGRESSIVE;
				CLANG_CXX_LANGUAGE_STANDARD = "gnu++17";
				CLANG_ENABLE_MODULES = YES;
				CLANG_ENABLE_OBJC_ARC = YES;
				CLANG_ENABLE_OBJC_WEAK = YES;
				CLANG_WARN_BLOCK_CAPTURE_AUTORELEASING = YES;
				CLANG_WARN_BOOL_CONVERSION = YES;
				CLANG_WARN_COMMA = YES;
				CLANG_WARN_CONSTANT_CONVERSION = YES;
				CLANG_WARN_DEPRECATED_OBJC_IMPLEMENTATIONS = YES;
				CLANG_WARN_DIRECT_OBJC_ISA_USAGE = YES_ERROR;
				CLANG_WARN_DOCUMENTATION_COMMENTS = YES;
				CLANG_WARN_EMPTY_BODY = YES;
				CLANG_WARN_ENUM_CONVERSION = YES;
				CLANG_WARN_INFINITE_RECURSION = YES;
				CLANG_WARN_INT_CONVERSION = YES;
				CLANG_WARN_NON_LITERAL_NULL_CONVERSION = YES;
				CLANG_WARN_OBJC_IMPLICIT_RETAIN_SELF = YES;
				CLANG_WARN_OBJC_LITERAL_CONVERSION = YES;
				CLANG_WARN_OBJC_ROOT_CLASS = YES_ERROR;
				CLANG_WARN_QUOTED_INCLUDE_IN_FRAMEWORK_HEADER = YES;
				CLANG_WARN_RANGE_LOOP_ANALYSIS = YES;
				CLANG_WARN_STRICT_PROTOTYPES = YES;
				CLANG_WARN_SUSPICIOUS_MOVE = YES;
				CLANG_WARN_UNGUARDED_AVAILABILITY = YES_AGGRESSIVE;
				CLANG_WARN_UNREACHABLE_CODE = YES;
				CLANG_WARN__DUPLICATE_METHOD_MATCH = YES;
				COPY_PHASE_STRIP = NO;
				DEBUG_INFORMATION_FORMAT = dwarf;
				ENABLE_STRICT_OBJC_MSGSEND = YES;
				ENABLE_TESTABILITY = YES;
				GCC_C_LANGUAGE_STANDARD = gnu11;
				GCC_DYNAMIC_NO_PIC = NO;
				GCC_NO_COMMON_BLOCKS = YES;
				GCC_OPTIMIZATION_LEVEL = 0;
				GCC_PREPROCESSOR_DEFINITIONS = (
					"DEBUG=1",
					"$(inherited)",
				);
				GCC_WARN_64_TO_32_BIT_CONVERSION = YES;
				GCC_WARN_ABOUT_RETURN_TYPE = YES_ERROR;
				GCC_WARN_UNDECLARED_SELECTOR = YES;
				GCC_WARN_UNINITIALIZED_AUTOS = YES_AGGRESSIVE;
				GCC_WARN_UNUSED_FUNCTION = YES;
				GCC_WARN_UNUSED_VARIABLE = YES;
				IPHONEOS_DEPLOYMENT_TARGET = 16.0;
				MTL_ENABLE_DEBUG_INFO = INCLUDE_SOURCE;
				MTL_FAST_MATH = YES;
				ONLY_ACTIVE_ARCH = YES;
				SDKROOT = iphoneos;
				SWIFT_ACTIVE_COMPILATION_CONDITIONS = DEBUG;
				SWIFT_OPTIMIZATION_LEVEL = "-Onone";
			};
			name = Debug;
		};
		B79663B629531D7C0050BA58 /* Release */ = {
			isa = XCBuildConfiguration;
			buildSettings = {
				ALWAYS_SEARCH_USER_PATHS = NO;
				CLANG_ANALYZER_NONNULL = YES;
				CLANG_ANALYZER_NUMBER_OBJECT_CONVERSION = YES_AGGRESSIVE;
				CLANG_CXX_LANGUAGE_STANDARD = "gnu++17";
				CLANG_ENABLE_MODULES = YES;
				CLANG_ENABLE_OBJC_ARC = YES;
				CLANG_ENABLE_OBJC_WEAK = YES;
				CLANG_WARN_BLOCK_CAPTURE_AUTORELEASING = YES;
				CLANG_WARN_BOOL_CONVERSION = YES;
				CLANG_WARN_COMMA = YES;
				CLANG_WARN_CONSTANT_CONVERSION = YES;
				CLANG_WARN_DEPRECATED_OBJC_IMPLEMENTATIONS = YES;
				CLANG_WARN_DIRECT_OBJC_ISA_USAGE = YES_ERROR;
				CLANG_WARN_DOCUMENTATION_COMMENTS = YES;
				CLANG_WARN_EMPTY_BODY = YES;
				CLANG_WARN_ENUM_CONVERSION = YES;
				CLANG_WARN_INFINITE_RECURSION = YES;
				CLANG_WARN_INT_CONVERSION = YES;
				CLANG_WARN_NON_LITERAL_NULL_CONVERSION = YES;
				CLANG_WARN_OBJC_IMPLICIT_RETAIN_SELF = YES;
				CLANG_WARN_OBJC_LITERAL_CONVERSION = YES;
				CLANG_WARN_OBJC_ROOT_CLASS = YES_ERROR;
				CLANG_WARN_QUOTED_INCLUDE_IN_FRAMEWORK_HEADER = YES;
				CLANG_WARN_RANGE_LOOP_ANALYSIS = YES;
				CLANG_WARN_STRICT_PROTOTYPES = YES;
				CLANG_WARN_SUSPICIOUS_MOVE = YES;
				CLANG_WARN_UNGUARDED_AVAILABILITY = YES_AGGRESSIVE;
				CLANG_WARN_UNREACHABLE_CODE = YES;
				CLANG_WARN__DUPLICATE_METHOD_MATCH = YES;
				COPY_PHASE_STRIP = NO;
				DEBUG_INFORMATION_FORMAT = "dwarf-with-dsym";
				ENABLE_NS_ASSERTIONS = NO;
				ENABLE_STRICT_OBJC_MSGSEND = YES;
				GCC_C_LANGUAGE_STANDARD = gnu11;
				GCC_NO_COMMON_BLOCKS = YES;
				GCC_WARN_64_TO_32_BIT_CONVERSION = YES;
				GCC_WARN_ABOUT_RETURN_TYPE = YES_ERROR;
				GCC_WARN_UNDECLARED_SELECTOR = YES;
				GCC_WARN_UNINITIALIZED_AUTOS = YES_AGGRESSIVE;
				GCC_WARN_UNUSED_FUNCTION = YES;
				GCC_WARN_UNUSED_VARIABLE = YES;
				IPHONEOS_DEPLOYMENT_TARGET = 16.0;
				MTL_ENABLE_DEBUG_INFO = NO;
				MTL_FAST_MATH = YES;
				SDKROOT = iphoneos;
				SWIFT_COMPILATION_MODE = wholemodule;
				SWIFT_OPTIMIZATION_LEVEL = "-O";
				VALIDATE_PRODUCT = YES;
			};
			name = Release;
		};
		B79663B829531D7C0050BA58 /* Debug */ = {
			isa = XCBuildConfiguration;
			buildSettings = {
				ASSETCATALOG_COMPILER_APPICON_NAME = AppIcon;
				ASSETCATALOG_COMPILER_GLOBAL_ACCENT_COLOR_NAME = AccentColor;
				CODE_SIGN_ENTITLEMENTS = Difigiano.entitlements;
				CODE_SIGN_STYLE = Automatic;
				CURRENT_PROJECT_VERSION = 1;
				DEVELOPMENT_ASSET_PATHS = "\"Difigiano App/Preview Content\"";
				DEVELOPMENT_TEAM = ZPY4BSSXTW;
				ENABLE_PREVIEWS = YES;
				GENERATE_INFOPLIST_FILE = YES;
				INFOPLIST_FILE = "Difigiano-App-Info.plist";
				INFOPLIST_KEY_CFBundleDisplayName = Difigiano;
				INFOPLIST_KEY_LSApplicationCategoryType = "public.app-category.photography";
				INFOPLIST_KEY_NSCameraUsageDescription = "Mit der Kamera kannst du Bilder von den Grounds machen.";
				INFOPLIST_KEY_NSLocationWhenInUseUsageDescription = "Dein Standort wird benötigt, um die Position deiner Grounds zu ermitteln.";
				INFOPLIST_KEY_UIApplicationSceneManifest_Generation = YES;
				INFOPLIST_KEY_UIApplicationSupportsIndirectInputEvents = YES;
				INFOPLIST_KEY_UILaunchScreen_Generation = YES;
				INFOPLIST_KEY_UIStatusBarStyle = UIStatusBarStyleDefault;
				INFOPLIST_KEY_UISupportedInterfaceOrientations = UIInterfaceOrientationPortrait;
				INFOPLIST_KEY_UISupportedInterfaceOrientations_iPad = "UIInterfaceOrientationLandscapeLeft UIInterfaceOrientationLandscapeRight UIInterfaceOrientationPortrait UIInterfaceOrientationPortraitUpsideDown";
				LD_RUNPATH_SEARCH_PATHS = (
					"$(inherited)",
					"@executable_path/Frameworks",
				);
				MARKETING_VERSION = 1.4;
				PRODUCT_BUNDLE_IDENTIFIER = com.benedict.Difigiano;
				PRODUCT_NAME = "$(TARGET_NAME)";
				SUPPORTED_PLATFORMS = "iphoneos iphonesimulator";
				SUPPORTS_MACCATALYST = NO;
				SUPPORTS_MAC_DESIGNED_FOR_IPHONE_IPAD = NO;
				SWIFT_EMIT_LOC_STRINGS = YES;
				SWIFT_VERSION = 5.0;
				TARGETED_DEVICE_FAMILY = 1;
			};
			name = Debug;
		};
		B79663B929531D7C0050BA58 /* Release */ = {
			isa = XCBuildConfiguration;
			buildSettings = {
				ASSETCATALOG_COMPILER_APPICON_NAME = AppIcon;
				ASSETCATALOG_COMPILER_GLOBAL_ACCENT_COLOR_NAME = AccentColor;
				CODE_SIGN_ENTITLEMENTS = Difigiano.entitlements;
				CODE_SIGN_STYLE = Automatic;
				CURRENT_PROJECT_VERSION = 1;
				DEVELOPMENT_ASSET_PATHS = "\"Difigiano App/Preview Content\"";
				DEVELOPMENT_TEAM = ZPY4BSSXTW;
				ENABLE_PREVIEWS = YES;
				GENERATE_INFOPLIST_FILE = YES;
				INFOPLIST_FILE = "Difigiano-App-Info.plist";
				INFOPLIST_KEY_CFBundleDisplayName = Difigiano;
				INFOPLIST_KEY_LSApplicationCategoryType = "public.app-category.photography";
				INFOPLIST_KEY_NSCameraUsageDescription = "Mit der Kamera kannst du Bilder von den Grounds machen.";
				INFOPLIST_KEY_NSLocationWhenInUseUsageDescription = "Dein Standort wird benötigt, um die Position deiner Grounds zu ermitteln.";
				INFOPLIST_KEY_UIApplicationSceneManifest_Generation = YES;
				INFOPLIST_KEY_UIApplicationSupportsIndirectInputEvents = YES;
				INFOPLIST_KEY_UILaunchScreen_Generation = YES;
				INFOPLIST_KEY_UIStatusBarStyle = UIStatusBarStyleDefault;
				INFOPLIST_KEY_UISupportedInterfaceOrientations = UIInterfaceOrientationPortrait;
				INFOPLIST_KEY_UISupportedInterfaceOrientations_iPad = "UIInterfaceOrientationLandscapeLeft UIInterfaceOrientationLandscapeRight UIInterfaceOrientationPortrait UIInterfaceOrientationPortraitUpsideDown";
				LD_RUNPATH_SEARCH_PATHS = (
					"$(inherited)",
					"@executable_path/Frameworks",
				);
				MARKETING_VERSION = 1.4;
				PRODUCT_BUNDLE_IDENTIFIER = com.benedict.Difigiano;
				PRODUCT_NAME = "$(TARGET_NAME)";
				SUPPORTED_PLATFORMS = "iphoneos iphonesimulator";
				SUPPORTS_MACCATALYST = NO;
				SUPPORTS_MAC_DESIGNED_FOR_IPHONE_IPAD = NO;
				SWIFT_EMIT_LOC_STRINGS = YES;
				SWIFT_VERSION = 5.0;
				TARGETED_DEVICE_FAMILY = 1;
			};
			name = Release;
		};
		B79663BB29531D7C0050BA58 /* Debug */ = {
			isa = XCBuildConfiguration;
			buildSettings = {
				ALWAYS_EMBED_SWIFT_STANDARD_LIBRARIES = YES;
				BUNDLE_LOADER = "$(TEST_HOST)";
				CODE_SIGN_STYLE = Automatic;
				CURRENT_PROJECT_VERSION = 1;
				DEVELOPMENT_TEAM = ZPY4BSSXTW;
				GENERATE_INFOPLIST_FILE = YES;
				IPHONEOS_DEPLOYMENT_TARGET = 15.4;
				MARKETING_VERSION = 1.0;
				PRODUCT_BUNDLE_IDENTIFIER = "com.benedict.Difigiano-AppTests";
				PRODUCT_NAME = "$(TARGET_NAME)";
				SWIFT_EMIT_LOC_STRINGS = NO;
				SWIFT_VERSION = 5.0;
				TARGETED_DEVICE_FAMILY = "1,2";
				TEST_HOST = "$(BUILT_PRODUCTS_DIR)/Difigiano.app/Difigiano";
			};
			name = Debug;
		};
		B79663BC29531D7C0050BA58 /* Release */ = {
			isa = XCBuildConfiguration;
			buildSettings = {
				ALWAYS_EMBED_SWIFT_STANDARD_LIBRARIES = YES;
				BUNDLE_LOADER = "$(TEST_HOST)";
				CODE_SIGN_STYLE = Automatic;
				CURRENT_PROJECT_VERSION = 1;
				DEVELOPMENT_TEAM = ZPY4BSSXTW;
				GENERATE_INFOPLIST_FILE = YES;
				IPHONEOS_DEPLOYMENT_TARGET = 15.4;
				MARKETING_VERSION = 1.0;
				PRODUCT_BUNDLE_IDENTIFIER = "com.benedict.Difigiano-AppTests";
				PRODUCT_NAME = "$(TARGET_NAME)";
				SWIFT_EMIT_LOC_STRINGS = NO;
				SWIFT_VERSION = 5.0;
				TARGETED_DEVICE_FAMILY = "1,2";
				TEST_HOST = "$(BUILT_PRODUCTS_DIR)/Difigiano.app/Difigiano";
			};
			name = Release;
		};
		B79663BE29531D7C0050BA58 /* Debug */ = {
			isa = XCBuildConfiguration;
			buildSettings = {
				ALWAYS_EMBED_SWIFT_STANDARD_LIBRARIES = YES;
				CODE_SIGN_STYLE = Automatic;
				CURRENT_PROJECT_VERSION = 1;
				DEVELOPMENT_TEAM = ZPY4BSSXTW;
				GENERATE_INFOPLIST_FILE = YES;
				MARKETING_VERSION = 1.0;
				PRODUCT_BUNDLE_IDENTIFIER = "com.benedict.Difigiano-AppUITests";
				PRODUCT_NAME = "$(TARGET_NAME)";
				SWIFT_EMIT_LOC_STRINGS = NO;
				SWIFT_VERSION = 5.0;
				TARGETED_DEVICE_FAMILY = "1,2";
				TEST_TARGET_NAME = "Difigiano App";
			};
			name = Debug;
		};
		B79663BF29531D7C0050BA58 /* Release */ = {
			isa = XCBuildConfiguration;
			buildSettings = {
				ALWAYS_EMBED_SWIFT_STANDARD_LIBRARIES = YES;
				CODE_SIGN_STYLE = Automatic;
				CURRENT_PROJECT_VERSION = 1;
				DEVELOPMENT_TEAM = ZPY4BSSXTW;
				GENERATE_INFOPLIST_FILE = YES;
				MARKETING_VERSION = 1.0;
				PRODUCT_BUNDLE_IDENTIFIER = "com.benedict.Difigiano-AppUITests";
				PRODUCT_NAME = "$(TARGET_NAME)";
				SWIFT_EMIT_LOC_STRINGS = NO;
				SWIFT_VERSION = 5.0;
				TARGETED_DEVICE_FAMILY = "1,2";
				TEST_TARGET_NAME = "Difigiano App";
			};
			name = Release;
		};
/* End XCBuildConfiguration section */

/* Begin XCConfigurationList section */
		B796638E29531D7A0050BA58 /* Build configuration list for PBXProject "Difigiano" */ = {
			isa = XCConfigurationList;
			buildConfigurations = (
				B79663B529531D7C0050BA58 /* Debug */,
				B79663B629531D7C0050BA58 /* Release */,
			);
			defaultConfigurationIsVisible = 0;
			defaultConfigurationName = Release;
		};
		B79663B729531D7C0050BA58 /* Build configuration list for PBXNativeTarget "Difigiano" */ = {
			isa = XCConfigurationList;
			buildConfigurations = (
				B79663B829531D7C0050BA58 /* Debug */,
				B79663B929531D7C0050BA58 /* Release */,
			);
			defaultConfigurationIsVisible = 0;
			defaultConfigurationName = Release;
		};
		B79663BA29531D7C0050BA58 /* Build configuration list for PBXNativeTarget "DifigianoTests" */ = {
			isa = XCConfigurationList;
			buildConfigurations = (
				B79663BB29531D7C0050BA58 /* Debug */,
				B79663BC29531D7C0050BA58 /* Release */,
			);
			defaultConfigurationIsVisible = 0;
			defaultConfigurationName = Release;
		};
		B79663BD29531D7C0050BA58 /* Build configuration list for PBXNativeTarget "DifigianoUITests" */ = {
			isa = XCConfigurationList;
			buildConfigurations = (
				B79663BE29531D7C0050BA58 /* Debug */,
				B79663BF29531D7C0050BA58 /* Release */,
			);
			defaultConfigurationIsVisible = 0;
			defaultConfigurationName = Release;
		};
/* End XCConfigurationList section */

/* Begin XCRemoteSwiftPackageReference section */
		B79B0F47295349360076368C /* XCRemoteSwiftPackageReference "firebase-ios-sdk" */ = {
			isa = XCRemoteSwiftPackageReference;
			repositoryURL = "https://github.com/firebase/firebase-ios-sdk";
			requirement = {
				kind = upToNextMajorVersion;
				minimumVersion = 9.0.0;
			};
		};
		B7AACC00295355A10055C587 /* XCRemoteSwiftPackageReference "GoogleSignIn-iOS" */ = {
			isa = XCRemoteSwiftPackageReference;
			repositoryURL = "https://github.com/google/GoogleSignIn-iOS";
			requirement = {
				branch = main;
				kind = branch;
			};
		};
		B7AACC0729535CF80055C587 /* XCRemoteSwiftPackageReference "GoogleSignIn-iOS" */ = {
			isa = XCRemoteSwiftPackageReference;
			repositoryURL = "https://github.com/google/GoogleSignIn-iOS";
			requirement = {
				branch = main;
				kind = branch;
			};
		};
		B7AACC1829542DAB0055C587 /* XCRemoteSwiftPackageReference "firebase-ios-sdk" */ = {
			isa = XCRemoteSwiftPackageReference;
			repositoryURL = "https://github.com/firebase/firebase-ios-sdk";
			requirement = {
				branch = master;
				kind = branch;
			};
		};
		BDF18F6F2970B65500D04886 /* XCRemoteSwiftPackageReference "Tabify" */ = {
			isa = XCRemoteSwiftPackageReference;
			repositoryURL = "https://github.com/bgeisb/Tabify.git";
			requirement = {
				kind = upToNextMajorVersion;
				minimumVersion = 1.0.0;
			};
		};
/* End XCRemoteSwiftPackageReference section */

/* Begin XCSwiftPackageProductDependency section */
		B79B0F48295349360076368C /* FirebaseAnalyticsWithoutAdIdSupport */ = {
			isa = XCSwiftPackageProductDependency;
			package = B79B0F47295349360076368C /* XCRemoteSwiftPackageReference "firebase-ios-sdk" */;
			productName = FirebaseAnalyticsWithoutAdIdSupport;
		};
		B79B0F4A295349360076368C /* FirebaseAuth */ = {
			isa = XCSwiftPackageProductDependency;
			package = B79B0F47295349360076368C /* XCRemoteSwiftPackageReference "firebase-ios-sdk" */;
			productName = FirebaseAuth;
		};
		B79B0F4C295349360076368C /* FirebaseStorage */ = {
			isa = XCSwiftPackageProductDependency;
			package = B79B0F47295349360076368C /* XCRemoteSwiftPackageReference "firebase-ios-sdk" */;
			productName = FirebaseStorage;
		};
		B7A59386296E1E4800F16AC2 /* FirebaseMessaging */ = {
			isa = XCSwiftPackageProductDependency;
			package = B79B0F47295349360076368C /* XCRemoteSwiftPackageReference "firebase-ios-sdk" */;
			productName = FirebaseMessaging;
		};
		B7A59388296EBA3900F16AC2 /* FirebaseAnalytics */ = {
			isa = XCSwiftPackageProductDependency;
			package = B79B0F47295349360076368C /* XCRemoteSwiftPackageReference "firebase-ios-sdk" */;
			productName = FirebaseAnalytics;
		};
		B7AACC01295355A10055C587 /* GoogleSignInSwift */ = {
			isa = XCSwiftPackageProductDependency;
			package = B7AACC00295355A10055C587 /* XCRemoteSwiftPackageReference "GoogleSignIn-iOS" */;
			productName = GoogleSignInSwift;
		};
		B7AACC0829535CF80055C587 /* GoogleSignIn */ = {
			isa = XCSwiftPackageProductDependency;
			package = B7AACC00295355A10055C587 /* XCRemoteSwiftPackageReference "GoogleSignIn-iOS" */;
			productName = GoogleSignIn;
		};
		B7AACC0A29535CF80055C587 /* GoogleSignInSwift */ = {
			isa = XCSwiftPackageProductDependency;
			package = B7AACC00295355A10055C587 /* XCRemoteSwiftPackageReference "GoogleSignIn-iOS" */;
			productName = GoogleSignInSwift;
		};
		B7AACC1929542DAB0055C587 /* FirebaseDatabase */ = {
			isa = XCSwiftPackageProductDependency;
			package = B7AACC1829542DAB0055C587 /* XCRemoteSwiftPackageReference "firebase-ios-sdk" */;
			productName = FirebaseDatabase;
		};
		BDF18F702970B65500D04886 /* Tabify */ = {
			isa = XCSwiftPackageProductDependency;
			package = BDF18F6F2970B65500D04886 /* XCRemoteSwiftPackageReference "Tabify" */;
			productName = Tabify;
		};
/* End XCSwiftPackageProductDependency section */
	};
	rootObject = B796638B29531D7A0050BA58 /* Project object */;
}
